// !$*UTF8*$!
{
	archiveVersion = 1;
	classes = {
	};
	objectVersion = 56;
	objects = {

/* Begin PBXBuildFile section */
		4A1A4C672C07E3B900DA72E2 /* SwiftBasicsApp.swift in Sources */ = {isa = PBXBuildFile; fileRef = 4A1A4C662C07E3B900DA72E2 /* SwiftBasicsApp.swift */; };
		4A1A4C692C07E3B900DA72E2 /* ContentView.swift in Sources */ = {isa = PBXBuildFile; fileRef = 4A1A4C682C07E3B900DA72E2 /* ContentView.swift */; };
		4A1A4C6B2C07E3C700DA72E2 /* Assets.xcassets in Resources */ = {isa = PBXBuildFile; fileRef = 4A1A4C6A2C07E3C700DA72E2 /* Assets.xcassets */; };
		4A1A4C6E2C07E3C700DA72E2 /* Preview Assets.xcassets in Resources */ = {isa = PBXBuildFile; fileRef = 4A1A4C6D2C07E3C700DA72E2 /* Preview Assets.xcassets */; };
		4A1A4C782C07E3C800DA72E2 /* SwiftBasicsTests.swift in Sources */ = {isa = PBXBuildFile; fileRef = 4A1A4C772C07E3C800DA72E2 /* SwiftBasicsTests.swift */; };
		4A1A4C822C07E3C800DA72E2 /* SwiftBasicsUITests.swift in Sources */ = {isa = PBXBuildFile; fileRef = 4A1A4C812C07E3C800DA72E2 /* SwiftBasicsUITests.swift */; };
		4A1A4C842C07E3C800DA72E2 /* SwiftBasicsUITestsLaunchTests.swift in Sources */ = {isa = PBXBuildFile; fileRef = 4A1A4C832C07E3C800DA72E2 /* SwiftBasicsUITestsLaunchTests.swift */; };
/* End PBXBuildFile section */

/* Begin PBXContainerItemProxy section */
		4A1A4C742C07E3C800DA72E2 /* PBXContainerItemProxy */ = {
			isa = PBXContainerItemProxy;
			containerPortal = 4A1A4C5B2C07E3B900DA72E2 /* Project object */;
			proxyType = 1;
			remoteGlobalIDString = 4A1A4C622C07E3B900DA72E2;
			remoteInfo = SwiftBasics;
		};
		4A1A4C7E2C07E3C800DA72E2 /* PBXContainerItemProxy */ = {
			isa = PBXContainerItemProxy;
			containerPortal = 4A1A4C5B2C07E3B900DA72E2 /* Project object */;
			proxyType = 1;
			remoteGlobalIDString = 4A1A4C622C07E3B900DA72E2;
			remoteInfo = SwiftBasics;
		};
/* End PBXContainerItemProxy section */

/* Begin PBXFileReference section */
		4A1A4C632C07E3B900DA72E2 /* SwiftBasics.app */ = {isa = PBXFileReference; explicitFileType = wrapper.application; includeInIndex = 0; path = SwiftBasics.app; sourceTree = BUILT_PRODUCTS_DIR; };
		4A1A4C662C07E3B900DA72E2 /* SwiftBasicsApp.swift */ = {isa = PBXFileReference; lastKnownFileType = sourcecode.swift; path = SwiftBasicsApp.swift; sourceTree = "<group>"; };
		4A1A4C682C07E3B900DA72E2 /* ContentView.swift */ = {isa = PBXFileReference; lastKnownFileType = sourcecode.swift; path = ContentView.swift; sourceTree = "<group>"; };
		4A1A4C6A2C07E3C700DA72E2 /* Assets.xcassets */ = {isa = PBXFileReference; lastKnownFileType = folder.assetcatalog; path = Assets.xcassets; sourceTree = "<group>"; };
		4A1A4C6D2C07E3C700DA72E2 /* Preview Assets.xcassets */ = {isa = PBXFileReference; lastKnownFileType = folder.assetcatalog; path = "Preview Assets.xcassets"; sourceTree = "<group>"; };
		4A1A4C732C07E3C800DA72E2 /* SwiftBasicsTests.xctest */ = {isa = PBXFileReference; explicitFileType = wrapper.cfbundle; includeInIndex = 0; path = SwiftBasicsTests.xctest; sourceTree = BUILT_PRODUCTS_DIR; };
		4A1A4C772C07E3C800DA72E2 /* SwiftBasicsTests.swift */ = {isa = PBXFileReference; lastKnownFileType = sourcecode.swift; path = SwiftBasicsTests.swift; sourceTree = "<group>"; };
		4A1A4C7D2C07E3C800DA72E2 /* SwiftBasicsUITests.xctest */ = {isa = PBXFileReference; explicitFileType = wrapper.cfbundle; includeInIndex = 0; path = SwiftBasicsUITests.xctest; sourceTree = BUILT_PRODUCTS_DIR; };
		4A1A4C812C07E3C800DA72E2 /* SwiftBasicsUITests.swift */ = {isa = PBXFileReference; lastKnownFileType = sourcecode.swift; path = SwiftBasicsUITests.swift; sourceTree = "<group>"; };
		4A1A4C832C07E3C800DA72E2 /* SwiftBasicsUITestsLaunchTests.swift */ = {isa = PBXFileReference; lastKnownFileType = sourcecode.swift; path = SwiftBasicsUITestsLaunchTests.swift; sourceTree = "<group>"; };
/* End PBXFileReference section */

/* Begin PBXFrameworksBuildPhase section */
		4A1A4C602C07E3B900DA72E2 /* Frameworks */ = {
			isa = PBXFrameworksBuildPhase;
			buildActionMask = 2147483647;
			files = (
			);
			runOnlyForDeploymentPostprocessing = 0;
		};
		4A1A4C702C07E3C800DA72E2 /* Frameworks */ = {
			isa = PBXFrameworksBuildPhase;
			buildActionMask = 2147483647;
			files = (
			);
			runOnlyForDeploymentPostprocessing = 0;
		};
		4A1A4C7A2C07E3C800DA72E2 /* Frameworks */ = {
			isa = PBXFrameworksBuildPhase;
			buildActionMask = 2147483647;
			files = (
			);
			runOnlyForDeploymentPostprocessing = 0;
		};
/* End PBXFrameworksBuildPhase section */

/* Begin PBXGroup section */
		4A1A4C5A2C07E3B900DA72E2 = {
			isa = PBXGroup;
			children = (
				4A1A4C652C07E3B900DA72E2 /* SwiftBasics */,
				4A1A4C762C07E3C800DA72E2 /* SwiftBasicsTests */,
				4A1A4C802C07E3C800DA72E2 /* SwiftBasicsUITests */,
				4A1A4C642C07E3B900DA72E2 /* Products */,
			);
			sourceTree = "<group>";
		};
		4A1A4C642C07E3B900DA72E2 /* Products */ = {
			isa = PBXGroup;
			children = (
				4A1A4C632C07E3B900DA72E2 /* SwiftBasics.app */,
				4A1A4C732C07E3C800DA72E2 /* SwiftBasicsTests.xctest */,
				4A1A4C7D2C07E3C800DA72E2 /* SwiftBasicsUITests.xctest */,
			);
			name = Products;
			sourceTree = "<group>";
		};
		4A1A4C652C07E3B900DA72E2 /* SwiftBasics */ = {
			isa = PBXGroup;
			children = (
				4A1A4C662C07E3B900DA72E2 /* SwiftBasicsApp.swift */,
				4A1A4C682C07E3B900DA72E2 /* ContentView.swift */,
				4A1A4C6A2C07E3C700DA72E2 /* Assets.xcassets */,
				4A1A4C6C2C07E3C700DA72E2 /* Preview Content */,
			);
			path = SwiftBasics;
			sourceTree = "<group>";
		};
		4A1A4C6C2C07E3C700DA72E2 /* Preview Content */ = {
			isa = PBXGroup;
			children = (
				4A1A4C6D2C07E3C700DA72E2 /* Preview Assets.xcassets */,
			);
			path = "Preview Content";
			sourceTree = "<group>";
		};
		4A1A4C762C07E3C800DA72E2 /* SwiftBasicsTests */ = {
			isa = PBXGroup;
			children = (
				4A1A4C772C07E3C800DA72E2 /* SwiftBasicsTests.swift */,
			);
			path = SwiftBasicsTests;
			sourceTree = "<group>";
		};
		4A1A4C802C07E3C800DA72E2 /* SwiftBasicsUITests */ = {
			isa = PBXGroup;
			children = (
				4A1A4C812C07E3C800DA72E2 /* SwiftBasicsUITests.swift */,
				4A1A4C832C07E3C800DA72E2 /* SwiftBasicsUITestsLaunchTests.swift */,
			);
			path = SwiftBasicsUITests;
			sourceTree = "<group>";
		};
/* End PBXGroup section */

/* Begin PBXNativeTarget section */
		4A1A4C622C07E3B900DA72E2 /* SwiftBasics */ = {
			isa = PBXNativeTarget;
			buildConfigurationList = 4A1A4C872C07E3C800DA72E2 /* Build configuration list for PBXNativeTarget "SwiftBasics" */;
			buildPhases = (
				4A1A4C5F2C07E3B900DA72E2 /* Sources */,
				4A1A4C602C07E3B900DA72E2 /* Frameworks */,
				4A1A4C612C07E3B900DA72E2 /* Resources */,
			);
			buildRules = (
			);
			dependencies = (
			);
			name = SwiftBasics;
			productName = SwiftBasics;
			productReference = 4A1A4C632C07E3B900DA72E2 /* SwiftBasics.app */;
			productType = "com.apple.product-type.application";
		};
		4A1A4C722C07E3C800DA72E2 /* SwiftBasicsTests */ = {
			isa = PBXNativeTarget;
			buildConfigurationList = 4A1A4C8A2C07E3C800DA72E2 /* Build configuration list for PBXNativeTarget "SwiftBasicsTests" */;
			buildPhases = (
				4A1A4C6F2C07E3C800DA72E2 /* Sources */,
				4A1A4C702C07E3C800DA72E2 /* Frameworks */,
				4A1A4C712C07E3C800DA72E2 /* Resources */,
			);
			buildRules = (
			);
			dependencies = (
				4A1A4C752C07E3C800DA72E2 /* PBXTargetDependency */,
			);
			name = SwiftBasicsTests;
			productName = SwiftBasicsTests;
			productReference = 4A1A4C732C07E3C800DA72E2 /* SwiftBasicsTests.xctest */;
			productType = "com.apple.product-type.bundle.unit-test";
		};
		4A1A4C7C2C07E3C800DA72E2 /* SwiftBasicsUITests */ = {
			isa = PBXNativeTarget;
			buildConfigurationList = 4A1A4C8D2C07E3C800DA72E2 /* Build configuration list for PBXNativeTarget "SwiftBasicsUITests" */;
			buildPhases = (
				4A1A4C792C07E3C800DA72E2 /* Sources */,
				4A1A4C7A2C07E3C800DA72E2 /* Frameworks */,
				4A1A4C7B2C07E3C800DA72E2 /* Resources */,
			);
			buildRules = (
			);
			dependencies = (
				4A1A4C7F2C07E3C800DA72E2 /* PBXTargetDependency */,
			);
			name = SwiftBasicsUITests;
			productName = SwiftBasicsUITests;
			productReference = 4A1A4C7D2C07E3C800DA72E2 /* SwiftBasicsUITests.xctest */;
			productType = "com.apple.product-type.bundle.ui-testing";
		};
/* End PBXNativeTarget section */

/* Begin PBXProject section */
		4A1A4C5B2C07E3B900DA72E2 /* Project object */ = {
			isa = PBXProject;
			attributes = {
				BuildIndependentTargetsInParallel = 1;
				LastSwiftUpdateCheck = 1540;
				LastUpgradeCheck = 1540;
				TargetAttributes = {
					4A1A4C622C07E3B900DA72E2 = {
						CreatedOnToolsVersion = 15.4;
					};
					4A1A4C722C07E3C800DA72E2 = {
						CreatedOnToolsVersion = 15.4;
						TestTargetID = 4A1A4C622C07E3B900DA72E2;
					};
					4A1A4C7C2C07E3C800DA72E2 = {
						CreatedOnToolsVersion = 15.4;
						TestTargetID = 4A1A4C622C07E3B900DA72E2;
					};
				};
			};
			buildConfigurationList = 4A1A4C5E2C07E3B900DA72E2 /* Build configuration list for PBXProject "SwiftBasics" */;
			compatibilityVersion = "Xcode 14.0";
			developmentRegion = en;
			hasScannedForEncodings = 0;
			knownRegions = (
				en,
				Base,
			);
			mainGroup = 4A1A4C5A2C07E3B900DA72E2;
			productRefGroup = 4A1A4C642C07E3B900DA72E2 /* Products */;
			projectDirPath = "";
			projectRoot = "";
			targets = (
				4A1A4C622C07E3B900DA72E2 /* SwiftBasics */,
				4A1A4C722C07E3C800DA72E2 /* SwiftBasicsTests */,
				4A1A4C7C2C07E3C800DA72E2 /* SwiftBasicsUITests */,
			);
		};
/* End PBXProject section */

/* Begin PBXResourcesBuildPhase section */
		4A1A4C612C07E3B900DA72E2 /* Resources */ = {
			isa = PBXResourcesBuildPhase;
			buildActionMask = 2147483647;
			files = (
				4A1A4C6E2C07E3C700DA72E2 /* Preview Assets.xcassets in Resources */,
				4A1A4C6B2C07E3C700DA72E2 /* Assets.xcassets in Resources */,
			);
			runOnlyForDeploymentPostprocessing = 0;
		};
		4A1A4C712C07E3C800DA72E2 /* Resources */ = {
			isa = PBXResourcesBuildPhase;
			buildActionMask = 2147483647;
			files = (
			);
			runOnlyForDeploymentPostprocessing = 0;
		};
		4A1A4C7B2C07E3C800DA72E2 /* Resources */ = {
			isa = PBXResourcesBuildPhase;
			buildActionMask = 2147483647;
			files = (
			);
			runOnlyForDeploymentPostprocessing = 0;
		};
/* End PBXResourcesBuildPhase section */

/* Begin PBXSourcesBuildPhase section */
		4A1A4C5F2C07E3B900DA72E2 /* Sources */ = {
			isa = PBXSourcesBuildPhase;
			buildActionMask = 2147483647;
			files = (
				4A1A4C692C07E3B900DA72E2 /* ContentView.swift in Sources */,
				4A1A4C672C07E3B900DA72E2 /* SwiftBasicsApp.swift in Sources */,
			);
			runOnlyForDeploymentPostprocessing = 0;
		};
		4A1A4C6F2C07E3C800DA72E2 /* Sources */ = {
			isa = PBXSourcesBuildPhase;
			buildActionMask = 2147483647;
			files = (
				4A1A4C782C07E3C800DA72E2 /* SwiftBasicsTests.swift in Sources */,
			);
			runOnlyForDeploymentPostprocessing = 0;
		};
		4A1A4C792C07E3C800DA72E2 /* Sources */ = {
			isa = PBXSourcesBuildPhase;
			buildActionMask = 2147483647;
			files = (
				4A1A4C822C07E3C800DA72E2 /* SwiftBasicsUITests.swift in Sources */,
				4A1A4C842C07E3C800DA72E2 /* SwiftBasicsUITestsLaunchTests.swift in Sources */,
			);
			runOnlyForDeploymentPostprocessing = 0;
		};
/* End PBXSourcesBuildPhase section */

/* Begin PBXTargetDependency section */
		4A1A4C752C07E3C800DA72E2 /* PBXTargetDependency */ = {
			isa = PBXTargetDependency;
			target = 4A1A4C622C07E3B900DA72E2 /* SwiftBasics */;
			targetProxy = 4A1A4C742C07E3C800DA72E2 /* PBXContainerItemProxy */;
		};
		4A1A4C7F2C07E3C800DA72E2 /* PBXTargetDependency */ = {
			isa = PBXTargetDependency;
			target = 4A1A4C622C07E3B900DA72E2 /* SwiftBasics */;
			targetProxy = 4A1A4C7E2C07E3C800DA72E2 /* PBXContainerItemProxy */;
		};
/* End PBXTargetDependency section */

/* Begin XCBuildConfiguration section */
		4A1A4C852C07E3C800DA72E2 /* Debug */ = {
			isa = XCBuildConfiguration;
			buildSettings = {
				ALWAYS_SEARCH_USER_PATHS = NO;
				ASSETCATALOG_COMPILER_GENERATE_SWIFT_ASSET_SYMBOL_EXTENSIONS = YES;
				CLANG_ANALYZER_NONNULL = YES;
				CLANG_ANALYZER_NUMBER_OBJECT_CONVERSION = YES_AGGRESSIVE;
				CLANG_CXX_LANGUAGE_STANDARD = "gnu++20";
				CLANG_ENABLE_MODULES = YES;
				CLANG_ENABLE_OBJC_ARC = YES;
				CLANG_ENABLE_OBJC_WEAK = YES;
				CLANG_WARN_BLOCK_CAPTURE_AUTORELEASING = YES;
				CLANG_WARN_BOOL_CONVERSION = YES;
				CLANG_WARN_COMMA = YES;
				CLANG_WARN_CONSTANT_CONVERSION = YES;
				CLANG_WARN_DEPRECATED_OBJC_IMPLEMENTATIONS = YES;
				CLANG_WARN_DIRECT_OBJC_ISA_USAGE = YES_ERROR;
				CLANG_WARN_DOCUMENTATION_COMMENTS = YES;
				CLANG_WARN_EMPTY_BODY = YES;
				CLANG_WARN_ENUM_CONVERSION = YES;
				CLANG_WARN_INFINITE_RECURSION = YES;
				CLANG_WARN_INT_CONVERSION = YES;
				CLANG_WARN_NON_LITERAL_NULL_CONVERSION = YES;
				CLANG_WARN_OBJC_IMPLICIT_RETAIN_SELF = YES;
				CLANG_WARN_OBJC_LITERAL_CONVERSION = YES;
				CLANG_WARN_OBJC_ROOT_CLASS = YES_ERROR;
				CLANG_WARN_QUOTED_INCLUDE_IN_FRAMEWORK_HEADER = YES;
				CLANG_WARN_RANGE_LOOP_ANALYSIS = YES;
				CLANG_WARN_STRICT_PROTOTYPES = YES;
				CLANG_WARN_SUSPICIOUS_MOVE = YES;
				CLANG_WARN_UNGUARDED_AVAILABILITY = YES_AGGRESSIVE;
				CLANG_WARN_UNREACHABLE_CODE = YES;
				CLANG_WARN__DUPLICATE_METHOD_MATCH = YES;
				COPY_PHASE_STRIP = NO;
				DEBUG_INFORMATION_FORMAT = dwarf;
				ENABLE_STRICT_OBJC_MSGSEND = YES;
				ENABLE_TESTABILITY = YES;
				ENABLE_USER_SCRIPT_SANDBOXING = YES;
				GCC_C_LANGUAGE_STANDARD = gnu17;
				GCC_DYNAMIC_NO_PIC = NO;
				GCC_NO_COMMON_BLOCKS = YES;
				GCC_OPTIMIZATION_LEVEL = 0;
				GCC_PREPROCESSOR_DEFINITIONS = (
					"DEBUG=1",
					"$(inherited)",
				);
				GCC_WARN_64_TO_32_BIT_CONVERSION = YES;
				GCC_WARN_ABOUT_RETURN_TYPE = YES_ERROR;
				GCC_WARN_UNDECLARED_SELECTOR = YES;
				GCC_WARN_UNINITIALIZED_AUTOS = YES_AGGRESSIVE;
				GCC_WARN_UNUSED_FUNCTION = YES;
				GCC_WARN_UNUSED_VARIABLE = YES;
				IPHONEOS_DEPLOYMENT_TARGET = 17.5;
				LOCALIZATION_PREFERS_STRING_CATALOGS = YES;
				MTL_ENABLE_DEBUG_INFO = INCLUDE_SOURCE;
				MTL_FAST_MATH = YES;
				ONLY_ACTIVE_ARCH = YES;
				SDKROOT = iphoneos;
				SWIFT_ACTIVE_COMPILATION_CONDITIONS = "DEBUG $(inherited)";
				SWIFT_OPTIMIZATION_LEVEL = "-Onone";
			};
			name = Debug;
		};
		4A1A4C862C07E3C800DA72E2 /* Release */ = {
			isa = XCBuildConfiguration;
			buildSettings = {
				ALWAYS_SEARCH_USER_PATHS = NO;
				ASSETCATALOG_COMPILER_GENERATE_SWIFT_ASSET_SYMBOL_EXTENSIONS = YES;
				CLANG_ANALYZER_NONNULL = YES;
				CLANG_ANALYZER_NUMBER_OBJECT_CONVERSION = YES_AGGRESSIVE;
				CLANG_CXX_LANGUAGE_STANDARD = "gnu++20";
				CLANG_ENABLE_MODULES = YES;
				CLANG_ENABLE_OBJC_ARC = YES;
				CLANG_ENABLE_OBJC_WEAK = YES;
				CLANG_WARN_BLOCK_CAPTURE_AUTORELEASING = YES;
				CLANG_WARN_BOOL_CONVERSION = YES;
				CLANG_WARN_COMMA = YES;
				CLANG_WARN_CONSTANT_CONVERSION = YES;
				CLANG_WARN_DEPRECATED_OBJC_IMPLEMENTATIONS = YES;
				CLANG_WARN_DIRECT_OBJC_ISA_USAGE = YES_ERROR;
				CLANG_WARN_DOCUMENTATION_COMMENTS = YES;
				CLANG_WARN_EMPTY_BODY = YES;
				CLANG_WARN_ENUM_CONVERSION = YES;
				CLANG_WARN_INFINITE_RECURSION = YES;
				CLANG_WARN_INT_CONVERSION = YES;
				CLANG_WARN_NON_LITERAL_NULL_CONVERSION = YES;
				CLANG_WARN_OBJC_IMPLICIT_RETAIN_SELF = YES;
				CLANG_WARN_OBJC_LITERAL_CONVERSION = YES;
				CLANG_WARN_OBJC_ROOT_CLASS = YES_ERROR;
				CLANG_WARN_QUOTED_INCLUDE_IN_FRAMEWORK_HEADER = YES;
				CLANG_WARN_RANGE_LOOP_ANALYSIS = YES;
				CLANG_WARN_STRICT_PROTOTYPES = YES;
				CLANG_WARN_SUSPICIOUS_MOVE = YES;
				CLANG_WARN_UNGUARDED_AVAILABILITY = YES_AGGRESSIVE;
				CLANG_WARN_UNREACHABLE_CODE = YES;
				CLANG_WARN__DUPLICATE_METHOD_MATCH = YES;
				COPY_PHASE_STRIP = NO;
				DEBUG_INFORMATION_FORMAT = "dwarf-with-dsym";
				ENABLE_NS_ASSERTIONS = NO;
				ENABLE_STRICT_OBJC_MSGSEND = YES;
				ENABLE_USER_SCRIPT_SANDBOXING = YES;
				GCC_C_LANGUAGE_STANDARD = gnu17;
				GCC_NO_COMMON_BLOCKS = YES;
				GCC_WARN_64_TO_32_BIT_CONVERSION = YES;
				GCC_WARN_ABOUT_RETURN_TYPE = YES_ERROR;
				GCC_WARN_UNDECLARED_SELECTOR = YES;
				GCC_WARN_UNINITIALIZED_AUTOS = YES_AGGRESSIVE;
				GCC_WARN_UNUSED_FUNCTION = YES;
				GCC_WARN_UNUSED_VARIABLE = YES;
				IPHONEOS_DEPLOYMENT_TARGET = 17.5;
				LOCALIZATION_PREFERS_STRING_CATALOGS = YES;
				MTL_ENABLE_DEBUG_INFO = NO;
				MTL_FAST_MATH = YES;
				SDKROOT = iphoneos;
				SWIFT_COMPILATION_MODE = wholemodule;
				VALIDATE_PRODUCT = YES;
			};
			name = Release;
		};
		4A1A4C882C07E3C800DA72E2 /* Debug */ = {
			isa = XCBuildConfiguration;
			buildSettings = {
				ASSETCATALOG_COMPILER_APPICON_NAME = AppIcon;
				ASSETCATALOG_COMPILER_GLOBAL_ACCENT_COLOR_NAME = AccentColor;
				CODE_SIGN_STYLE = Automatic;
				CURRENT_PROJECT_VERSION = 1;
				DEVELOPMENT_ASSET_PATHS = "\"SwiftBasics/Preview Content\"";
				ENABLE_PREVIEWS = YES;
				GENERATE_INFOPLIST_FILE = YES;
				INFOPLIST_KEY_UIApplicationSceneManifest_Generation = YES;
				INFOPLIST_KEY_UIApplicationSupportsIndirectInputEvents = YES;
				INFOPLIST_KEY_UILaunchScreen_Generation = YES;
				INFOPLIST_KEY_UISupportedInterfaceOrientations_iPad = "UIInterfaceOrientationPortrait UIInterfaceOrientationPortraitUpsideDown UIInterfaceOrientationLandscapeLeft UIInterfaceOrientationLandscapeRight";
				INFOPLIST_KEY_UISupportedInterfaceOrientations_iPhone = "UIInterfaceOrientationPortrait UIInterfaceOrientationLandscapeLeft UIInterfaceOrientationLandscapeRight";
				LD_RUNPATH_SEARCH_PATHS = (
					"$(inherited)",
					"@executable_path/Frameworks",
				);
				MARKETING_VERSION = 1.0;
				PRODUCT_BUNDLE_IDENTIFIER = kariorg.SwiftBasics;
				PRODUCT_NAME = "$(TARGET_NAME)";
				SWIFT_EMIT_LOC_STRINGS = YES;
				SWIFT_VERSION = 5.0;
				TARGETED_DEVICE_FAMILY = "1,2";
			};
			name = Debug;
		};
		4A1A4C892C07E3C800DA72E2 /* Release */ = {
			isa = XCBuildConfiguration;
			buildSettings = {
				ASSETCATALOG_COMPILER_APPICON_NAME = AppIcon;
				ASSETCATALOG_COMPILER_GLOBAL_ACCENT_COLOR_NAME = AccentColor;
				CODE_SIGN_STYLE = Automatic;
				CURRENT_PROJECT_VERSION = 1;
				DEVELOPMENT_ASSET_PATHS = "\"SwiftBasics/Preview Content\"";
				ENABLE_PREVIEWS = YES;
				GENERATE_INFOPLIST_FILE = YES;
				INFOPLIST_KEY_UIApplicationSceneManifest_Generation = YES;
				INFOPLIST_KEY_UIApplicationSupportsIndirectInputEvents = YES;
				INFOPLIST_KEY_UILaunchScreen_Generation = YES;
				INFOPLIST_KEY_UISupportedInterfaceOrientations_iPad = "UIInterfaceOrientationPortrait UIInterfaceOrientationPortraitUpsideDown UIInterfaceOrientationLandscapeLeft UIInterfaceOrientationLandscapeRight";
				INFOPLIST_KEY_UISupportedInterfaceOrientations_iPhone = "UIInterfaceOrientationPortrait UIInterfaceOrientationLandscapeLeft UIInterfaceOrientationLandscapeRight";
				LD_RUNPATH_SEARCH_PATHS = (
					"$(inherited)",
					"@executable_path/Frameworks",
				);
				MARKETING_VERSION = 1.0;
				PRODUCT_BUNDLE_IDENTIFIER = kariorg.SwiftBasics;
				PRODUCT_NAME = "$(TARGET_NAME)";
				SWIFT_EMIT_LOC_STRINGS = YES;
				SWIFT_VERSION = 5.0;
				TARGETED_DEVICE_FAMILY = "1,2";
			};
			name = Release;
		};
		4A1A4C8B2C07E3C800DA72E2 /* Debug */ = {
			isa = XCBuildConfiguration;
			buildSettings = {
				ALWAYS_EMBED_SWIFT_STANDARD_LIBRARIES = YES;
				BUNDLE_LOADER = "$(TEST_HOST)";
				CODE_SIGN_STYLE = Automatic;
				CURRENT_PROJECT_VERSION = 1;
				GENERATE_INFOPLIST_FILE = YES;
				IPHONEOS_DEPLOYMENT_TARGET = 17.5;
				MARKETING_VERSION = 1.0;
				PRODUCT_BUNDLE_IDENTIFIER = kariorg.SwiftBasicsTests;
				PRODUCT_NAME = "$(TARGET_NAME)";
				SWIFT_EMIT_LOC_STRINGS = NO;
				SWIFT_VERSION = 5.0;
				TARGETED_DEVICE_FAMILY = "1,2";
				TEST_HOST = "$(BUILT_PRODUCTS_DIR)/SwiftBasics.app/$(BUNDLE_EXECUTABLE_FOLDER_PATH)/SwiftBasics";
			};
			name = Debug;
		};
		4A1A4C8C2C07E3C800DA72E2 /* Release */ = {
			isa = XCBuildConfiguration;
			buildSettings = {
				ALWAYS_EMBED_SWIFT_STANDARD_LIBRARIES = YES;
				BUNDLE_LOADER = "$(TEST_HOST)";
				CODE_SIGN_STYLE = Automatic;
				CURRENT_PROJECT_VERSION = 1;
				GENERATE_INFOPLIST_FILE = YES;
				IPHONEOS_DEPLOYMENT_TARGET = 17.5;
				MARKETING_VERSION = 1.0;
				PRODUCT_BUNDLE_IDENTIFIER = kariorg.SwiftBasicsTests;
				PRODUCT_NAME = "$(TARGET_NAME)";
				SWIFT_EMIT_LOC_STRINGS = NO;
				SWIFT_VERSION = 5.0;
				TARGETED_DEVICE_FAMILY = "1,2";
				TEST_HOST = "$(BUILT_PRODUCTS_DIR)/SwiftBasics.app/$(BUNDLE_EXECUTABLE_FOLDER_PATH)/SwiftBasics";
			};
			name = Release;
		};
		4A1A4C8E2C07E3C800DA72E2 /* Debug */ = {
			isa = XCBuildConfiguration;
			buildSettings = {
				ALWAYS_EMBED_SWIFT_STANDARD_LIBRARIES = YES;
				CODE_SIGN_STYLE = Automatic;
				CURRENT_PROJECT_VERSION = 1;
				GENERATE_INFOPLIST_FILE = YES;
				MARKETING_VERSION = 1.0;
				PRODUCT_BUNDLE_IDENTIFIER = kariorg.SwiftBasicsUITests;
				PRODUCT_NAME = "$(TARGET_NAME)";
				SWIFT_EMIT_LOC_STRINGS = NO;
				SWIFT_VERSION = 5.0;
				TARGETED_DEVICE_FAMILY = "1,2";
				TEST_TARGET_NAME = SwiftBasics;
			};
			name = Debug;
		};
		4A1A4C8F2C07E3C800DA72E2 /* Release */ = {
			isa = XCBuildConfiguration;
			buildSettings = {
				ALWAYS_EMBED_SWIFT_STANDARD_LIBRARIES = YES;
				CODE_SIGN_STYLE = Automatic;
				CURRENT_PROJECT_VERSION = 1;
				GENERATE_INFOPLIST_FILE = YES;
				MARKETING_VERSION = 1.0;
				PRODUCT_BUNDLE_IDENTIFIER = kariorg.SwiftBasicsUITests;
				PRODUCT_NAME = "$(TARGET_NAME)";
				SWIFT_EMIT_LOC_STRINGS = NO;
				SWIFT_VERSION = 5.0;
				TARGETED_DEVICE_FAMILY = "1,2";
				TEST_TARGET_NAME = SwiftBasics;
			};
			name = Release;
		};
/* End XCBuildConfiguration section */

/* Begin XCConfigurationList section */
		4A1A4C5E2C07E3B900DA72E2 /* Build configuration list for PBXProject "SwiftBasics" */ = {
			isa = XCConfigurationList;
			buildConfigurations = (
				4A1A4C852C07E3C800DA72E2 /* Debug */,
				4A1A4C862C07E3C800DA72E2 /* Release */,
			);
			defaultConfigurationIsVisible = 0;
			defaultConfigurationName = Release;
		};
		4A1A4C872C07E3C800DA72E2 /* Build configuration list for PBXNativeTarget "SwiftBasics" */ = {
			isa = XCConfigurationList;
			buildConfigurations = (
				4A1A4C882C07E3C800DA72E2 /* Debug */,
				4A1A4C892C07E3C800DA72E2 /* Release */,
			);
			defaultConfigurationIsVisible = 0;
			defaultConfigurationName = Release;
		};
		4A1A4C8A2C07E3C800DA72E2 /* Build configuration list for PBXNativeTarget "SwiftBasicsTests" */ = {
			isa = XCConfigurationList;
			buildConfigurations = (
				4A1A4C8B2C07E3C800DA72E2 /* Debug */,
				4A1A4C8C2C07E3C800DA72E2 /* Release */,
			);
			defaultConfigurationIsVisible = 0;
			defaultConfigurationName = Release;
		};
		4A1A4C8D2C07E3C800DA72E2 /* Build configuration list for PBXNativeTarget "SwiftBasicsUITests" */ = {
			isa = XCConfigurationList;
			buildConfigurations = (
				4A1A4C8E2C07E3C800DA72E2 /* Debug */,
				4A1A4C8F2C07E3C800DA72E2 /* Release */,
			);
			defaultConfigurationIsVisible = 0;
			defaultConfigurationName = Release;
		};
/* End XCConfigurationList section */
	};
	rootObject = 4A1A4C5B2C07E3B900DA72E2 /* Project object */;
}
