// !$*UTF8*$!
{
	archiveVersion = 1;
	classes = {
	};
	objectVersion = 56;
	objects = {

/* Begin PBXBuildFile section */
		4A062BA72C10B3D000C36E21 /* PopOverEx.swift in Sources */ = {isa = PBXBuildFile; fileRef = 4A062BA62C10B3D000C36E21 /* PopOverEx.swift */; };
		4A062BA92C10BF1200C36E21 /* NavViewsEx.swift in Sources */ = {isa = PBXBuildFile; fileRef = 4A062BA82C10BF1200C36E21 /* NavViewsEx.swift */; };
		4A062BAB2C10C31700C36E21 /* ListEx.swift in Sources */ = {isa = PBXBuildFile; fileRef = 4A062BAA2C10C31700C36E21 /* ListEx.swift */; };
		4A062BAD2C10EE8C00C36E21 /* AlertsEx.swift in Sources */ = {isa = PBXBuildFile; fileRef = 4A062BAC2C10EE8C00C36E21 /* AlertsEx.swift */; };
		4A062BAF2C1108AD00C36E21 /* ActionSheetEx.swift in Sources */ = {isa = PBXBuildFile; fileRef = 4A062BAE2C1108AD00C36E21 /* ActionSheetEx.swift */; };
		4A062BB12C111B1C00C36E21 /* ContextMenuEx.swift in Sources */ = {isa = PBXBuildFile; fileRef = 4A062BB02C111B1B00C36E21 /* ContextMenuEx.swift */; };
		4A062BB32C111DA800C36E21 /* TextFieldEx.swift in Sources */ = {isa = PBXBuildFile; fileRef = 4A062BB22C111DA800C36E21 /* TextFieldEx.swift */; };
		4A062BB52C1121FA00C36E21 /* TextEditorEx.swift in Sources */ = {isa = PBXBuildFile; fileRef = 4A062BB42C1121FA00C36E21 /* TextEditorEx.swift */; };
		4A062BB72C11254800C36E21 /* ToggleSwitchEx.swift in Sources */ = {isa = PBXBuildFile; fileRef = 4A062BB62C11254700C36E21 /* ToggleSwitchEx.swift */; };
		4A062BB92C113F7800C36E21 /* PickerEx.swift in Sources */ = {isa = PBXBuildFile; fileRef = 4A062BB82C113F7800C36E21 /* PickerEx.swift */; };
		4A062BBB2C114AB200C36E21 /* ColorPickerEx.swift in Sources */ = {isa = PBXBuildFile; fileRef = 4A062BBA2C114AB200C36E21 /* ColorPickerEx.swift */; };
		4A062BBD2C12105E00C36E21 /* DatePickerEx.swift in Sources */ = {isa = PBXBuildFile; fileRef = 4A062BBC2C12105E00C36E21 /* DatePickerEx.swift */; };
		4A062BBF2C122A8C00C36E21 /* StepperEx.swift in Sources */ = {isa = PBXBuildFile; fileRef = 4A062BBE2C122A8C00C36E21 /* StepperEx.swift */; };
		4A062BC12C122FAE00C36E21 /* SliderEx.swift in Sources */ = {isa = PBXBuildFile; fileRef = 4A062BC02C122FAE00C36E21 /* SliderEx.swift */; };
		4A062BC32C12344400C36E21 /* TabsEx.swift in Sources */ = {isa = PBXBuildFile; fileRef = 4A062BC22C12344400C36E21 /* TabsEx.swift */; };
		4A062BC52C1243C300C36E21 /* DarkModeEx.swift in Sources */ = {isa = PBXBuildFile; fileRef = 4A062BC42C1243C300C36E21 /* DarkModeEx.swift */; };
		4A062BC72C13815F00C36E21 /* Documentation.swift in Sources */ = {isa = PBXBuildFile; fileRef = 4A062BC62C13815F00C36E21 /* Documentation.swift */; };
		4A062BC92C138A3000C36E21 /* OnAppearEx.swift in Sources */ = {isa = PBXBuildFile; fileRef = 4A062BC82C138A3000C36E21 /* OnAppearEx.swift */; };
		4A062BCB2C138EE900C36E21 /* IfLetGuard.swift in Sources */ = {isa = PBXBuildFile; fileRef = 4A062BCA2C138EE900C36E21 /* IfLetGuard.swift */; };
		4A062BCD2C1394E900C36E21 /* TapGestureEx.swift in Sources */ = {isa = PBXBuildFile; fileRef = 4A062BCC2C1394E800C36E21 /* TapGestureEx.swift */; };
		4A062BCF2C13AB6100C36E21 /* ModelEx.swift in Sources */ = {isa = PBXBuildFile; fileRef = 4A062BCE2C13AB6000C36E21 /* ModelEx.swift */; };
		4A1A4C672C07E3B900DA72E2 /* SwiftBasicsApp.swift in Sources */ = {isa = PBXBuildFile; fileRef = 4A1A4C662C07E3B900DA72E2 /* SwiftBasicsApp.swift */; };
		4A1A4C692C07E3B900DA72E2 /* ContentView.swift in Sources */ = {isa = PBXBuildFile; fileRef = 4A1A4C682C07E3B900DA72E2 /* ContentView.swift */; };
		4A1A4C6B2C07E3C700DA72E2 /* Assets.xcassets in Resources */ = {isa = PBXBuildFile; fileRef = 4A1A4C6A2C07E3C700DA72E2 /* Assets.xcassets */; };
		4A1A4C6E2C07E3C700DA72E2 /* Preview Assets.xcassets in Resources */ = {isa = PBXBuildFile; fileRef = 4A1A4C6D2C07E3C700DA72E2 /* Preview Assets.xcassets */; };
		4A1A4C782C07E3C800DA72E2 /* SwiftBasicsTests.swift in Sources */ = {isa = PBXBuildFile; fileRef = 4A1A4C772C07E3C800DA72E2 /* SwiftBasicsTests.swift */; };
		4A1A4C822C07E3C800DA72E2 /* SwiftBasicsUITests.swift in Sources */ = {isa = PBXBuildFile; fileRef = 4A1A4C812C07E3C800DA72E2 /* SwiftBasicsUITests.swift */; };
		4A1A4C842C07E3C800DA72E2 /* SwiftBasicsUITestsLaunchTests.swift in Sources */ = {isa = PBXBuildFile; fileRef = 4A1A4C832C07E3C800DA72E2 /* SwiftBasicsUITestsLaunchTests.swift */; };
		4A1A4C912C07E73300DA72E2 /* TextTest.swift in Sources */ = {isa = PBXBuildFile; fileRef = 4A1A4C902C07E73300DA72E2 /* TextTest.swift */; };
		4A2240E62C0CFB74004A4546 /* Stacks.swift in Sources */ = {isa = PBXBuildFile; fileRef = 4A2240E52C0CFB74004A4546 /* Stacks.swift */; };
		4A2240E82C0D055D004A4546 /* Padding.swift in Sources */ = {isa = PBXBuildFile; fileRef = 4A2240E72C0D055D004A4546 /* Padding.swift */; };
		4A2240EC2C0D0B21004A4546 /* Spacers.swift in Sources */ = {isa = PBXBuildFile; fileRef = 4A2240EB2C0D0B21004A4546 /* Spacers.swift */; };
		4A2240EE2C0D1A31004A4546 /* InitAndEnums.swift in Sources */ = {isa = PBXBuildFile; fileRef = 4A2240ED2C0D1A31004A4546 /* InitAndEnums.swift */; };
		4A2240F02C0D2BE7004A4546 /* forEachEx.swift in Sources */ = {isa = PBXBuildFile; fileRef = 4A2240EF2C0D2BE7004A4546 /* forEachEx.swift */; };
		4A2240F22C0D2FAD004A4546 /* ScrollViewEx.swift in Sources */ = {isa = PBXBuildFile; fileRef = 4A2240F12C0D2FAD004A4546 /* ScrollViewEx.swift */; };
		4A2240F42C0D33D1004A4546 /* LazyVGridEx.swift in Sources */ = {isa = PBXBuildFile; fileRef = 4A2240F32C0D33D1004A4546 /* LazyVGridEx.swift */; };
		4A2240F62C0F5766004A4546 /* SafeAreaEx.swift in Sources */ = {isa = PBXBuildFile; fileRef = 4A2240F52C0F5766004A4546 /* SafeAreaEx.swift */; };
		4A2240F82C0F5B74004A4546 /* ButtonsEx.swift in Sources */ = {isa = PBXBuildFile; fileRef = 4A2240F72C0F5B74004A4546 /* ButtonsEx.swift */; };
		4A2240FA2C0F7EDE004A4546 /* StateProp.swift in Sources */ = {isa = PBXBuildFile; fileRef = 4A2240F92C0F7EDE004A4546 /* StateProp.swift */; };
		4A2240FC2C0F81D0004A4546 /* ExtractedFunctions.swift in Sources */ = {isa = PBXBuildFile; fileRef = 4A2240FB2C0F81D0004A4546 /* ExtractedFunctions.swift */; };
		4A2240FE2C0F844E004A4546 /* SubViewsEx.swift in Sources */ = {isa = PBXBuildFile; fileRef = 4A2240FD2C0F844E004A4546 /* SubViewsEx.swift */; };
		4A2241002C0F8C41004A4546 /* BindingEx.swift in Sources */ = {isa = PBXBuildFile; fileRef = 4A2240FF2C0F8C41004A4546 /* BindingEx.swift */; };
		4A2241042C0F8FB8004A4546 /* Conditionals.swift in Sources */ = {isa = PBXBuildFile; fileRef = 4A2241032C0F8FB8004A4546 /* Conditionals.swift */; };
		4A2241062C0FA42D004A4546 /* TernaryOperators.swift in Sources */ = {isa = PBXBuildFile; fileRef = 4A2241052C0FA42D004A4546 /* TernaryOperators.swift */; };
		4A2241082C0FA8B2004A4546 /* Animations.swift in Sources */ = {isa = PBXBuildFile; fileRef = 4A2241072C0FA8B2004A4546 /* Animations.swift */; };
		4A22410A2C0FACE1004A4546 /* AnimationCurves.swift in Sources */ = {isa = PBXBuildFile; fileRef = 4A2241092C0FACE1004A4546 /* AnimationCurves.swift */; };
		4A22410C2C0FB086004A4546 /* TransitionEx.swift in Sources */ = {isa = PBXBuildFile; fileRef = 4A22410B2C0FB086004A4546 /* TransitionEx.swift */; };
		4A22410E2C10AEEA004A4546 /* SheetsEx.swift in Sources */ = {isa = PBXBuildFile; fileRef = 4A22410D2C10AEEA004A4546 /* SheetsEx.swift */; };
		4A667C802C1612DE00158819 /* ViewModelEx.swift in Sources */ = {isa = PBXBuildFile; fileRef = 4A667C7F2C1612DD00158819 /* ViewModelEx.swift */; };
		4A667C842C1626D100158819 /* EnvironmentObjectEx.swift in Sources */ = {isa = PBXBuildFile; fileRef = 4A667C832C1626D100158819 /* EnvironmentObjectEx.swift */; };
		4A667C862C164BBF00158819 /* AppStorageEx.swift in Sources */ = {isa = PBXBuildFile; fileRef = 4A667C852C164BBF00158819 /* AppStorageEx.swift */; };
		4A667C892C18F96800158819 /* IntroView.swift in Sources */ = {isa = PBXBuildFile; fileRef = 4A667C882C18F96800158819 /* IntroView.swift */; };
		4A667C8B2C18FB8800158819 /* OnboardingView.swift in Sources */ = {isa = PBXBuildFile; fileRef = 4A667C8A2C18FB8800158819 /* OnboardingView.swift */; };
		4A741E3D2C25E907007D89D4 /* ResizableSheetEx.swift in Sources */ = {isa = PBXBuildFile; fileRef = 4A741E3C2C25E907007D89D4 /* ResizableSheetEx.swift */; };
		4A741E412C260CD0007D89D4 /* SafeAreaInsetEx.swift in Sources */ = {isa = PBXBuildFile; fileRef = 4A741E402C260CD0007D89D4 /* SafeAreaInsetEx.swift */; };
		4A741E432C261219007D89D4 /* GroupEx.swift in Sources */ = {isa = PBXBuildFile; fileRef = 4A741E422C261219007D89D4 /* GroupEx.swift */; };
		4A741E452C2618D1007D89D4 /* AnimateWithValueEx.swift in Sources */ = {isa = PBXBuildFile; fileRef = 4A741E442C2618D1007D89D4 /* AnimateWithValueEx.swift */; };
		4A741E472C262F8D007D89D4 /* MenuEx.swift in Sources */ = {isa = PBXBuildFile; fileRef = 4A741E462C262F8D007D89D4 /* MenuEx.swift */; };
		4A741E492C2630D2007D89D4 /* NativePopoverEx.swift in Sources */ = {isa = PBXBuildFile; fileRef = 4A741E482C2630D2007D89D4 /* NativePopoverEx.swift */; };
		4A741E4B2C26455C007D89D4 /* AnyLayoutEx.swift in Sources */ = {isa = PBXBuildFile; fileRef = 4A741E4A2C26455C007D89D4 /* AnyLayoutEx.swift */; };
		4A8DB1712C1F5BC5007AFBF4 /* NavigationStackEx.swift in Sources */ = {isa = PBXBuildFile; fileRef = 4A8DB1702C1F5BC5007AFBF4 /* NavigationStackEx.swift */; };
		4A8DB1732C20E8FF007AFBF4 /* ToolBarEx.swift in Sources */ = {isa = PBXBuildFile; fileRef = 4A8DB1722C20E8FF007AFBF4 /* ToolBarEx.swift */; };
		4A9560AA2C1B3B8C0024DCD1 /* ProfileView.swift in Sources */ = {isa = PBXBuildFile; fileRef = 4A9560A92C1B3B8C0024DCD1 /* ProfileView.swift */; };
		4A9560AC2C1B42460024DCD1 /* AsyncImageEx.swift in Sources */ = {isa = PBXBuildFile; fileRef = 4A9560AB2C1B42460024DCD1 /* AsyncImageEx.swift */; };
		4A9560AE2C1B4AC20024DCD1 /* BackgroundMaterialsEx.swift in Sources */ = {isa = PBXBuildFile; fileRef = 4A9560AD2C1B4AC20024DCD1 /* BackgroundMaterialsEx.swift */; };
		4A9560B02C1B4C1C0024DCD1 /* TextSelectionEx.swift in Sources */ = {isa = PBXBuildFile; fileRef = 4A9560AF2C1B4C1C0024DCD1 /* TextSelectionEx.swift */; };
		4AA28E3F2C2B699700B6777F /* ViewThatFitsEx.swift in Sources */ = {isa = PBXBuildFile; fileRef = 4AA28E3E2C2B699700B6777F /* ViewThatFitsEx.swift */; };
		4AA28E412C2B720200B6777F /* NavigationSplitViewEx.swift in Sources */ = {isa = PBXBuildFile; fileRef = 4AA28E402C2B720200B6777F /* NavigationSplitViewEx.swift */; };
		4AB24E812C1E546B00049E40 /* ButtonStyleEx.swift in Sources */ = {isa = PBXBuildFile; fileRef = 4AB24E802C1E546B00049E40 /* ButtonStyleEx.swift */; };
		4AB24E832C1E63F000049E40 /* SwipeActionsEx.swift in Sources */ = {isa = PBXBuildFile; fileRef = 4AB24E822C1E63F000049E40 /* SwipeActionsEx.swift */; };
		4AB24E852C1E69FF00049E40 /* BadgeEx.swift in Sources */ = {isa = PBXBuildFile; fileRef = 4AB24E842C1E69FF00049E40 /* BadgeEx.swift */; };
		4AB24E872C1F405B00049E40 /* FocusStateEx.swift in Sources */ = {isa = PBXBuildFile; fileRef = 4AB24E862C1F405B00049E40 /* FocusStateEx.swift */; };
		4AB24E892C1F527C00049E40 /* SubmitTextFieldEx.swift in Sources */ = {isa = PBXBuildFile; fileRef = 4AB24E882C1F527C00049E40 /* SubmitTextFieldEx.swift */; };
		4ADB10582C0BB6B100D60237 /* Shapes.swift in Sources */ = {isa = PBXBuildFile; fileRef = 4ADB10572C0BB6B100D60237 /* Shapes.swift */; };
		4ADB105A2C0BB9BD00D60237 /* Colors.swift in Sources */ = {isa = PBXBuildFile; fileRef = 4ADB10592C0BB9BD00D60237 /* Colors.swift */; };
		4ADB105C2C0BC51500D60237 /* Gradients.swift in Sources */ = {isa = PBXBuildFile; fileRef = 4ADB105B2C0BC51500D60237 /* Gradients.swift */; };
		4ADB105E2C0BC83F00D60237 /* SystemIcons.swift in Sources */ = {isa = PBXBuildFile; fileRef = 4ADB105D2C0BC83F00D60237 /* SystemIcons.swift */; };
		4ADB10602C0BCEBA00D60237 /* Images.swift in Sources */ = {isa = PBXBuildFile; fileRef = 4ADB105F2C0BCEBA00D60237 /* Images.swift */; };
		4ADB10622C0BE16500D60237 /* Frame.swift in Sources */ = {isa = PBXBuildFile; fileRef = 4ADB10612C0BE16500D60237 /* Frame.swift */; };
		4ADB10642C0BE5E300D60237 /* BackGroundAndOverlay.swift in Sources */ = {isa = PBXBuildFile; fileRef = 4ADB10632C0BE5E300D60237 /* BackGroundAndOverlay.swift */; };
/* End PBXBuildFile section */

/* Begin PBXContainerItemProxy section */
		4A1A4C742C07E3C800DA72E2 /* PBXContainerItemProxy */ = {
			isa = PBXContainerItemProxy;
			containerPortal = 4A1A4C5B2C07E3B900DA72E2 /* Project object */;
			proxyType = 1;
			remoteGlobalIDString = 4A1A4C622C07E3B900DA72E2;
			remoteInfo = SwiftBasics;
		};
		4A1A4C7E2C07E3C800DA72E2 /* PBXContainerItemProxy */ = {
			isa = PBXContainerItemProxy;
			containerPortal = 4A1A4C5B2C07E3B900DA72E2 /* Project object */;
			proxyType = 1;
			remoteGlobalIDString = 4A1A4C622C07E3B900DA72E2;
			remoteInfo = SwiftBasics;
		};
/* End PBXContainerItemProxy section */

/* Begin PBXFileReference section */
		4A062BA62C10B3D000C36E21 /* PopOverEx.swift */ = {isa = PBXFileReference; lastKnownFileType = sourcecode.swift; path = PopOverEx.swift; sourceTree = "<group>"; };
		4A062BA82C10BF1200C36E21 /* NavViewsEx.swift */ = {isa = PBXFileReference; lastKnownFileType = sourcecode.swift; path = NavViewsEx.swift; sourceTree = "<group>"; };
		4A062BAA2C10C31700C36E21 /* ListEx.swift */ = {isa = PBXFileReference; lastKnownFileType = sourcecode.swift; path = ListEx.swift; sourceTree = "<group>"; };
		4A062BAC2C10EE8C00C36E21 /* AlertsEx.swift */ = {isa = PBXFileReference; lastKnownFileType = sourcecode.swift; path = AlertsEx.swift; sourceTree = "<group>"; };
		4A062BAE2C1108AD00C36E21 /* ActionSheetEx.swift */ = {isa = PBXFileReference; lastKnownFileType = sourcecode.swift; path = ActionSheetEx.swift; sourceTree = "<group>"; };
		4A062BB02C111B1B00C36E21 /* ContextMenuEx.swift */ = {isa = PBXFileReference; lastKnownFileType = sourcecode.swift; path = ContextMenuEx.swift; sourceTree = "<group>"; };
		4A062BB22C111DA800C36E21 /* TextFieldEx.swift */ = {isa = PBXFileReference; lastKnownFileType = sourcecode.swift; path = TextFieldEx.swift; sourceTree = "<group>"; };
		4A062BB42C1121FA00C36E21 /* TextEditorEx.swift */ = {isa = PBXFileReference; lastKnownFileType = sourcecode.swift; path = TextEditorEx.swift; sourceTree = "<group>"; };
		4A062BB62C11254700C36E21 /* ToggleSwitchEx.swift */ = {isa = PBXFileReference; lastKnownFileType = sourcecode.swift; path = ToggleSwitchEx.swift; sourceTree = "<group>"; };
		4A062BB82C113F7800C36E21 /* PickerEx.swift */ = {isa = PBXFileReference; lastKnownFileType = sourcecode.swift; path = PickerEx.swift; sourceTree = "<group>"; };
		4A062BBA2C114AB200C36E21 /* ColorPickerEx.swift */ = {isa = PBXFileReference; lastKnownFileType = sourcecode.swift; path = ColorPickerEx.swift; sourceTree = "<group>"; };
		4A062BBC2C12105E00C36E21 /* DatePickerEx.swift */ = {isa = PBXFileReference; lastKnownFileType = sourcecode.swift; path = DatePickerEx.swift; sourceTree = "<group>"; };
		4A062BBE2C122A8C00C36E21 /* StepperEx.swift */ = {isa = PBXFileReference; lastKnownFileType = sourcecode.swift; path = StepperEx.swift; sourceTree = "<group>"; };
		4A062BC02C122FAE00C36E21 /* SliderEx.swift */ = {isa = PBXFileReference; lastKnownFileType = sourcecode.swift; path = SliderEx.swift; sourceTree = "<group>"; };
		4A062BC22C12344400C36E21 /* TabsEx.swift */ = {isa = PBXFileReference; lastKnownFileType = sourcecode.swift; path = TabsEx.swift; sourceTree = "<group>"; };
		4A062BC42C1243C300C36E21 /* DarkModeEx.swift */ = {isa = PBXFileReference; lastKnownFileType = sourcecode.swift; path = DarkModeEx.swift; sourceTree = "<group>"; };
		4A062BC62C13815F00C36E21 /* Documentation.swift */ = {isa = PBXFileReference; lastKnownFileType = sourcecode.swift; path = Documentation.swift; sourceTree = "<group>"; };
		4A062BC82C138A3000C36E21 /* OnAppearEx.swift */ = {isa = PBXFileReference; lastKnownFileType = sourcecode.swift; path = OnAppearEx.swift; sourceTree = "<group>"; };
		4A062BCA2C138EE900C36E21 /* IfLetGuard.swift */ = {isa = PBXFileReference; lastKnownFileType = sourcecode.swift; path = IfLetGuard.swift; sourceTree = "<group>"; };
		4A062BCC2C1394E800C36E21 /* TapGestureEx.swift */ = {isa = PBXFileReference; lastKnownFileType = sourcecode.swift; path = TapGestureEx.swift; sourceTree = "<group>"; };
		4A062BCE2C13AB6000C36E21 /* ModelEx.swift */ = {isa = PBXFileReference; lastKnownFileType = sourcecode.swift; path = ModelEx.swift; sourceTree = "<group>"; };
		4A1A4C632C07E3B900DA72E2 /* SwiftBasics.app */ = {isa = PBXFileReference; explicitFileType = wrapper.application; includeInIndex = 0; path = SwiftBasics.app; sourceTree = BUILT_PRODUCTS_DIR; };
		4A1A4C662C07E3B900DA72E2 /* SwiftBasicsApp.swift */ = {isa = PBXFileReference; lastKnownFileType = sourcecode.swift; path = SwiftBasicsApp.swift; sourceTree = "<group>"; };
		4A1A4C682C07E3B900DA72E2 /* ContentView.swift */ = {isa = PBXFileReference; lastKnownFileType = sourcecode.swift; path = ContentView.swift; sourceTree = "<group>"; };
		4A1A4C6A2C07E3C700DA72E2 /* Assets.xcassets */ = {isa = PBXFileReference; lastKnownFileType = folder.assetcatalog; path = Assets.xcassets; sourceTree = "<group>"; };
		4A1A4C6D2C07E3C700DA72E2 /* Preview Assets.xcassets */ = {isa = PBXFileReference; lastKnownFileType = folder.assetcatalog; path = "Preview Assets.xcassets"; sourceTree = "<group>"; };
		4A1A4C732C07E3C800DA72E2 /* SwiftBasicsTests.xctest */ = {isa = PBXFileReference; explicitFileType = wrapper.cfbundle; includeInIndex = 0; path = SwiftBasicsTests.xctest; sourceTree = BUILT_PRODUCTS_DIR; };
		4A1A4C772C07E3C800DA72E2 /* SwiftBasicsTests.swift */ = {isa = PBXFileReference; lastKnownFileType = sourcecode.swift; path = SwiftBasicsTests.swift; sourceTree = "<group>"; };
		4A1A4C7D2C07E3C800DA72E2 /* SwiftBasicsUITests.xctest */ = {isa = PBXFileReference; explicitFileType = wrapper.cfbundle; includeInIndex = 0; path = SwiftBasicsUITests.xctest; sourceTree = BUILT_PRODUCTS_DIR; };
		4A1A4C812C07E3C800DA72E2 /* SwiftBasicsUITests.swift */ = {isa = PBXFileReference; lastKnownFileType = sourcecode.swift; path = SwiftBasicsUITests.swift; sourceTree = "<group>"; };
		4A1A4C832C07E3C800DA72E2 /* SwiftBasicsUITestsLaunchTests.swift */ = {isa = PBXFileReference; lastKnownFileType = sourcecode.swift; path = SwiftBasicsUITestsLaunchTests.swift; sourceTree = "<group>"; };
		4A1A4C902C07E73300DA72E2 /* TextTest.swift */ = {isa = PBXFileReference; lastKnownFileType = sourcecode.swift; path = TextTest.swift; sourceTree = "<group>"; };
		4A2240E52C0CFB74004A4546 /* Stacks.swift */ = {isa = PBXFileReference; lastKnownFileType = sourcecode.swift; path = Stacks.swift; sourceTree = "<group>"; };
		4A2240E72C0D055D004A4546 /* Padding.swift */ = {isa = PBXFileReference; lastKnownFileType = sourcecode.swift; path = Padding.swift; sourceTree = "<group>"; };
		4A2240EB2C0D0B21004A4546 /* Spacers.swift */ = {isa = PBXFileReference; lastKnownFileType = sourcecode.swift; path = Spacers.swift; sourceTree = "<group>"; };
		4A2240ED2C0D1A31004A4546 /* InitAndEnums.swift */ = {isa = PBXFileReference; lastKnownFileType = sourcecode.swift; path = InitAndEnums.swift; sourceTree = "<group>"; };
		4A2240EF2C0D2BE7004A4546 /* forEachEx.swift */ = {isa = PBXFileReference; lastKnownFileType = sourcecode.swift; path = forEachEx.swift; sourceTree = "<group>"; };
		4A2240F12C0D2FAD004A4546 /* ScrollViewEx.swift */ = {isa = PBXFileReference; lastKnownFileType = sourcecode.swift; path = ScrollViewEx.swift; sourceTree = "<group>"; };
		4A2240F32C0D33D1004A4546 /* LazyVGridEx.swift */ = {isa = PBXFileReference; lastKnownFileType = sourcecode.swift; path = LazyVGridEx.swift; sourceTree = "<group>"; };
		4A2240F52C0F5766004A4546 /* SafeAreaEx.swift */ = {isa = PBXFileReference; lastKnownFileType = sourcecode.swift; path = SafeAreaEx.swift; sourceTree = "<group>"; };
		4A2240F72C0F5B74004A4546 /* ButtonsEx.swift */ = {isa = PBXFileReference; lastKnownFileType = sourcecode.swift; path = ButtonsEx.swift; sourceTree = "<group>"; };
		4A2240F92C0F7EDE004A4546 /* StateProp.swift */ = {isa = PBXFileReference; lastKnownFileType = sourcecode.swift; path = StateProp.swift; sourceTree = "<group>"; };
		4A2240FB2C0F81D0004A4546 /* ExtractedFunctions.swift */ = {isa = PBXFileReference; lastKnownFileType = sourcecode.swift; path = ExtractedFunctions.swift; sourceTree = "<group>"; };
		4A2240FD2C0F844E004A4546 /* SubViewsEx.swift */ = {isa = PBXFileReference; lastKnownFileType = sourcecode.swift; path = SubViewsEx.swift; sourceTree = "<group>"; };
		4A2240FF2C0F8C41004A4546 /* BindingEx.swift */ = {isa = PBXFileReference; lastKnownFileType = sourcecode.swift; path = BindingEx.swift; sourceTree = "<group>"; };
		4A2241032C0F8FB8004A4546 /* Conditionals.swift */ = {isa = PBXFileReference; lastKnownFileType = sourcecode.swift; path = Conditionals.swift; sourceTree = "<group>"; };
		4A2241052C0FA42D004A4546 /* TernaryOperators.swift */ = {isa = PBXFileReference; lastKnownFileType = sourcecode.swift; path = TernaryOperators.swift; sourceTree = "<group>"; };
		4A2241072C0FA8B2004A4546 /* Animations.swift */ = {isa = PBXFileReference; lastKnownFileType = sourcecode.swift; path = Animations.swift; sourceTree = "<group>"; };
		4A2241092C0FACE1004A4546 /* AnimationCurves.swift */ = {isa = PBXFileReference; lastKnownFileType = sourcecode.swift; path = AnimationCurves.swift; sourceTree = "<group>"; };
		4A22410B2C0FB086004A4546 /* TransitionEx.swift */ = {isa = PBXFileReference; lastKnownFileType = sourcecode.swift; path = TransitionEx.swift; sourceTree = "<group>"; };
		4A22410D2C10AEEA004A4546 /* SheetsEx.swift */ = {isa = PBXFileReference; lastKnownFileType = sourcecode.swift; path = SheetsEx.swift; sourceTree = "<group>"; };
		4A667C7F2C1612DD00158819 /* ViewModelEx.swift */ = {isa = PBXFileReference; lastKnownFileType = sourcecode.swift; path = ViewModelEx.swift; sourceTree = "<group>"; };
		4A667C832C1626D100158819 /* EnvironmentObjectEx.swift */ = {isa = PBXFileReference; lastKnownFileType = sourcecode.swift; path = EnvironmentObjectEx.swift; sourceTree = "<group>"; };
		4A667C852C164BBF00158819 /* AppStorageEx.swift */ = {isa = PBXFileReference; lastKnownFileType = sourcecode.swift; path = AppStorageEx.swift; sourceTree = "<group>"; };
		4A667C882C18F96800158819 /* IntroView.swift */ = {isa = PBXFileReference; lastKnownFileType = sourcecode.swift; path = IntroView.swift; sourceTree = "<group>"; };
		4A667C8A2C18FB8800158819 /* OnboardingView.swift */ = {isa = PBXFileReference; lastKnownFileType = sourcecode.swift; path = OnboardingView.swift; sourceTree = "<group>"; };
		4A741E3C2C25E907007D89D4 /* ResizableSheetEx.swift */ = {isa = PBXFileReference; lastKnownFileType = sourcecode.swift; path = ResizableSheetEx.swift; sourceTree = "<group>"; };
		4A741E402C260CD0007D89D4 /* SafeAreaInsetEx.swift */ = {isa = PBXFileReference; lastKnownFileType = sourcecode.swift; path = SafeAreaInsetEx.swift; sourceTree = "<group>"; };
		4A741E422C261219007D89D4 /* GroupEx.swift */ = {isa = PBXFileReference; lastKnownFileType = sourcecode.swift; path = GroupEx.swift; sourceTree = "<group>"; };
		4A741E442C2618D1007D89D4 /* AnimateWithValueEx.swift */ = {isa = PBXFileReference; lastKnownFileType = sourcecode.swift; path = AnimateWithValueEx.swift; sourceTree = "<group>"; };
		4A741E462C262F8D007D89D4 /* MenuEx.swift */ = {isa = PBXFileReference; lastKnownFileType = sourcecode.swift; path = MenuEx.swift; sourceTree = "<group>"; };
		4A741E482C2630D2007D89D4 /* NativePopoverEx.swift */ = {isa = PBXFileReference; lastKnownFileType = sourcecode.swift; path = NativePopoverEx.swift; sourceTree = "<group>"; };
		4A741E4A2C26455C007D89D4 /* AnyLayoutEx.swift */ = {isa = PBXFileReference; lastKnownFileType = sourcecode.swift; path = AnyLayoutEx.swift; sourceTree = "<group>"; };
		4A8DB1702C1F5BC5007AFBF4 /* NavigationStackEx.swift */ = {isa = PBXFileReference; lastKnownFileType = sourcecode.swift; path = NavigationStackEx.swift; sourceTree = "<group>"; };
		4A8DB1722C20E8FF007AFBF4 /* ToolBarEx.swift */ = {isa = PBXFileReference; lastKnownFileType = sourcecode.swift; path = ToolBarEx.swift; sourceTree = "<group>"; };
		4A9560A92C1B3B8C0024DCD1 /* ProfileView.swift */ = {isa = PBXFileReference; lastKnownFileType = sourcecode.swift; path = ProfileView.swift; sourceTree = "<group>"; };
		4A9560AB2C1B42460024DCD1 /* AsyncImageEx.swift */ = {isa = PBXFileReference; lastKnownFileType = sourcecode.swift; path = AsyncImageEx.swift; sourceTree = "<group>"; };
		4A9560AD2C1B4AC20024DCD1 /* BackgroundMaterialsEx.swift */ = {isa = PBXFileReference; lastKnownFileType = sourcecode.swift; path = BackgroundMaterialsEx.swift; sourceTree = "<group>"; };
		4A9560AF2C1B4C1C0024DCD1 /* TextSelectionEx.swift */ = {isa = PBXFileReference; lastKnownFileType = sourcecode.swift; path = TextSelectionEx.swift; sourceTree = "<group>"; };
		4AA28E3E2C2B699700B6777F /* ViewThatFitsEx.swift */ = {isa = PBXFileReference; lastKnownFileType = sourcecode.swift; path = ViewThatFitsEx.swift; sourceTree = "<group>"; };
		4AA28E402C2B720200B6777F /* NavigationSplitViewEx.swift */ = {isa = PBXFileReference; lastKnownFileType = sourcecode.swift; path = NavigationSplitViewEx.swift; sourceTree = "<group>"; };
		4AB24E802C1E546B00049E40 /* ButtonStyleEx.swift */ = {isa = PBXFileReference; lastKnownFileType = sourcecode.swift; path = ButtonStyleEx.swift; sourceTree = "<group>"; };
		4AB24E822C1E63F000049E40 /* SwipeActionsEx.swift */ = {isa = PBXFileReference; lastKnownFileType = sourcecode.swift; path = SwipeActionsEx.swift; sourceTree = "<group>"; };
		4AB24E842C1E69FF00049E40 /* BadgeEx.swift */ = {isa = PBXFileReference; lastKnownFileType = sourcecode.swift; path = BadgeEx.swift; sourceTree = "<group>"; };
		4AB24E862C1F405B00049E40 /* FocusStateEx.swift */ = {isa = PBXFileReference; lastKnownFileType = sourcecode.swift; path = FocusStateEx.swift; sourceTree = "<group>"; };
		4AB24E882C1F527C00049E40 /* SubmitTextFieldEx.swift */ = {isa = PBXFileReference; lastKnownFileType = sourcecode.swift; path = SubmitTextFieldEx.swift; sourceTree = "<group>"; };
		4ADB10572C0BB6B100D60237 /* Shapes.swift */ = {isa = PBXFileReference; lastKnownFileType = sourcecode.swift; path = Shapes.swift; sourceTree = "<group>"; };
		4ADB10592C0BB9BD00D60237 /* Colors.swift */ = {isa = PBXFileReference; lastKnownFileType = sourcecode.swift; path = Colors.swift; sourceTree = "<group>"; };
		4ADB105B2C0BC51500D60237 /* Gradients.swift */ = {isa = PBXFileReference; lastKnownFileType = sourcecode.swift; path = Gradients.swift; sourceTree = "<group>"; };
		4ADB105D2C0BC83F00D60237 /* SystemIcons.swift */ = {isa = PBXFileReference; lastKnownFileType = sourcecode.swift; path = SystemIcons.swift; sourceTree = "<group>"; };
		4ADB105F2C0BCEBA00D60237 /* Images.swift */ = {isa = PBXFileReference; lastKnownFileType = sourcecode.swift; path = Images.swift; sourceTree = "<group>"; };
		4ADB10612C0BE16500D60237 /* Frame.swift */ = {isa = PBXFileReference; lastKnownFileType = sourcecode.swift; path = Frame.swift; sourceTree = "<group>"; };
		4ADB10632C0BE5E300D60237 /* BackGroundAndOverlay.swift */ = {isa = PBXFileReference; lastKnownFileType = sourcecode.swift; path = BackGroundAndOverlay.swift; sourceTree = "<group>"; };
/* End PBXFileReference section */

/* Begin PBXFrameworksBuildPhase section */
		4A1A4C602C07E3B900DA72E2 /* Frameworks */ = {
			isa = PBXFrameworksBuildPhase;
			buildActionMask = 2147483647;
			files = (
			);
			runOnlyForDeploymentPostprocessing = 0;
		};
		4A1A4C702C07E3C800DA72E2 /* Frameworks */ = {
			isa = PBXFrameworksBuildPhase;
			buildActionMask = 2147483647;
			files = (
			);
			runOnlyForDeploymentPostprocessing = 0;
		};
		4A1A4C7A2C07E3C800DA72E2 /* Frameworks */ = {
			isa = PBXFrameworksBuildPhase;
			buildActionMask = 2147483647;
			files = (
			);
			runOnlyForDeploymentPostprocessing = 0;
		};
/* End PBXFrameworksBuildPhase section */

/* Begin PBXGroup section */
		4A1A4C5A2C07E3B900DA72E2 = {
			isa = PBXGroup;
			children = (
				4A1A4C652C07E3B900DA72E2 /* SwiftBasics */,
				4A1A4C762C07E3C800DA72E2 /* SwiftBasicsTests */,
				4A1A4C802C07E3C800DA72E2 /* SwiftBasicsUITests */,
				4A1A4C642C07E3B900DA72E2 /* Products */,
			);
			sourceTree = "<group>";
		};
		4A1A4C642C07E3B900DA72E2 /* Products */ = {
			isa = PBXGroup;
			children = (
				4A1A4C632C07E3B900DA72E2 /* SwiftBasics.app */,
				4A1A4C732C07E3C800DA72E2 /* SwiftBasicsTests.xctest */,
				4A1A4C7D2C07E3C800DA72E2 /* SwiftBasicsUITests.xctest */,
			);
			name = Products;
			sourceTree = "<group>";
		};
		4A1A4C652C07E3B900DA72E2 /* SwiftBasics */ = {
			isa = PBXGroup;
			children = (
				4A1A4C662C07E3B900DA72E2 /* SwiftBasicsApp.swift */,
				4A1A4C682C07E3B900DA72E2 /* ContentView.swift */,
				4A062BB62C11254700C36E21 /* ToggleSwitchEx.swift */,
				4A1A4C902C07E73300DA72E2 /* TextTest.swift */,
				4AB24E802C1E546B00049E40 /* ButtonStyleEx.swift */,
				4A062BBC2C12105E00C36E21 /* DatePickerEx.swift */,
				4A062BC42C1243C300C36E21 /* DarkModeEx.swift */,
				4A062BBE2C122A8C00C36E21 /* StepperEx.swift */,
				4A667C852C164BBF00158819 /* AppStorageEx.swift */,
				4A667C872C18F94600158819 /* OnboardingViews */,
				4A667C832C1626D100158819 /* EnvironmentObjectEx.swift */,
				4A8DB1722C20E8FF007AFBF4 /* ToolBarEx.swift */,
				4A741E3C2C25E907007D89D4 /* ResizableSheetEx.swift */,
				4A062BBA2C114AB200C36E21 /* ColorPickerEx.swift */,
				4ADB10592C0BB9BD00D60237 /* Colors.swift */,
				4A667C7F2C1612DD00158819 /* ViewModelEx.swift */,
				4A062BC02C122FAE00C36E21 /* SliderEx.swift */,
				4AA28E3E2C2B699700B6777F /* ViewThatFitsEx.swift */,
				4A8DB1702C1F5BC5007AFBF4 /* NavigationStackEx.swift */,
				4AB24E882C1F527C00049E40 /* SubmitTextFieldEx.swift */,
				4A741E402C260CD0007D89D4 /* SafeAreaInsetEx.swift */,
				4A9560AB2C1B42460024DCD1 /* AsyncImageEx.swift */,
				4A062BC22C12344400C36E21 /* TabsEx.swift */,
				4A2241092C0FACE1004A4546 /* AnimationCurves.swift */,
				4A741E462C262F8D007D89D4 /* MenuEx.swift */,
				4AA28E402C2B720200B6777F /* NavigationSplitViewEx.swift */,
				4A22410D2C10AEEA004A4546 /* SheetsEx.swift */,
				4A741E442C2618D1007D89D4 /* AnimateWithValueEx.swift */,
				4A741E4A2C26455C007D89D4 /* AnyLayoutEx.swift */,
				4A062BCC2C1394E800C36E21 /* TapGestureEx.swift */,
				4A9560AD2C1B4AC20024DCD1 /* BackgroundMaterialsEx.swift */,
				4A741E422C261219007D89D4 /* GroupEx.swift */,
				4A062BC62C13815F00C36E21 /* Documentation.swift */,
				4A741E482C2630D2007D89D4 /* NativePopoverEx.swift */,
				4A2240F12C0D2FAD004A4546 /* ScrollViewEx.swift */,
				4A062BCE2C13AB6000C36E21 /* ModelEx.swift */,
				4A2240FB2C0F81D0004A4546 /* ExtractedFunctions.swift */,
				4ADB10612C0BE16500D60237 /* Frame.swift */,
				4A2240FD2C0F844E004A4546 /* SubViewsEx.swift */,
				4AB24E822C1E63F000049E40 /* SwipeActionsEx.swift */,
				4A22410B2C0FB086004A4546 /* TransitionEx.swift */,
				4A062BCA2C138EE900C36E21 /* IfLetGuard.swift */,
				4A062BAA2C10C31700C36E21 /* ListEx.swift */,
				4A2240F92C0F7EDE004A4546 /* StateProp.swift */,
				4AB24E842C1E69FF00049E40 /* BadgeEx.swift */,
				4AB24E862C1F405B00049E40 /* FocusStateEx.swift */,
				4A062BB22C111DA800C36E21 /* TextFieldEx.swift */,
				4A062BB42C1121FA00C36E21 /* TextEditorEx.swift */,
				4A062BAE2C1108AD00C36E21 /* ActionSheetEx.swift */,
				4A062BB82C113F7800C36E21 /* PickerEx.swift */,
				4A9560AF2C1B4C1C0024DCD1 /* TextSelectionEx.swift */,
				4A062BA82C10BF1200C36E21 /* NavViewsEx.swift */,
				4A2241032C0F8FB8004A4546 /* Conditionals.swift */,
				4A062BB02C111B1B00C36E21 /* ContextMenuEx.swift */,
				4A062BAC2C10EE8C00C36E21 /* AlertsEx.swift */,
				4A062BC82C138A3000C36E21 /* OnAppearEx.swift */,
				4A2241052C0FA42D004A4546 /* TernaryOperators.swift */,
				4A062BA62C10B3D000C36E21 /* PopOverEx.swift */,
				4A2240FF2C0F8C41004A4546 /* BindingEx.swift */,
				4ADB10632C0BE5E300D60237 /* BackGroundAndOverlay.swift */,
				4A2241072C0FA8B2004A4546 /* Animations.swift */,
				4A2240EF2C0D2BE7004A4546 /* forEachEx.swift */,
				4A2240E72C0D055D004A4546 /* Padding.swift */,
				4A2240F32C0D33D1004A4546 /* LazyVGridEx.swift */,
				4A2240E52C0CFB74004A4546 /* Stacks.swift */,
				4A2240ED2C0D1A31004A4546 /* InitAndEnums.swift */,
				4ADB105D2C0BC83F00D60237 /* SystemIcons.swift */,
				4A2240EB2C0D0B21004A4546 /* Spacers.swift */,
				4ADB105B2C0BC51500D60237 /* Gradients.swift */,
				4A2240F72C0F5B74004A4546 /* ButtonsEx.swift */,
				4A2240F52C0F5766004A4546 /* SafeAreaEx.swift */,
				4ADB105F2C0BCEBA00D60237 /* Images.swift */,
				4ADB10572C0BB6B100D60237 /* Shapes.swift */,
				4A1A4C6A2C07E3C700DA72E2 /* Assets.xcassets */,
				4A1A4C6C2C07E3C700DA72E2 /* Preview Content */,
			);
			path = SwiftBasics;
			sourceTree = "<group>";
		};
		4A1A4C6C2C07E3C700DA72E2 /* Preview Content */ = {
			isa = PBXGroup;
			children = (
				4A1A4C6D2C07E3C700DA72E2 /* Preview Assets.xcassets */,
			);
			path = "Preview Content";
			sourceTree = "<group>";
		};
		4A1A4C762C07E3C800DA72E2 /* SwiftBasicsTests */ = {
			isa = PBXGroup;
			children = (
				4A1A4C772C07E3C800DA72E2 /* SwiftBasicsTests.swift */,
			);
			path = SwiftBasicsTests;
			sourceTree = "<group>";
		};
		4A1A4C802C07E3C800DA72E2 /* SwiftBasicsUITests */ = {
			isa = PBXGroup;
			children = (
				4A1A4C812C07E3C800DA72E2 /* SwiftBasicsUITests.swift */,
				4A1A4C832C07E3C800DA72E2 /* SwiftBasicsUITestsLaunchTests.swift */,
			);
			path = SwiftBasicsUITests;
			sourceTree = "<group>";
		};
		4A667C872C18F94600158819 /* OnboardingViews */ = {
			isa = PBXGroup;
			children = (
				4A667C882C18F96800158819 /* IntroView.swift */,
				4A667C8A2C18FB8800158819 /* OnboardingView.swift */,
				4A9560A92C1B3B8C0024DCD1 /* ProfileView.swift */,
			);
			path = OnboardingViews;
			sourceTree = "<group>";
		};
/* End PBXGroup section */

/* Begin PBXNativeTarget section */
		4A1A4C622C07E3B900DA72E2 /* SwiftBasics */ = {
			isa = PBXNativeTarget;
			buildConfigurationList = 4A1A4C872C07E3C800DA72E2 /* Build configuration list for PBXNativeTarget "SwiftBasics" */;
			buildPhases = (
				4A1A4C5F2C07E3B900DA72E2 /* Sources */,
				4A1A4C602C07E3B900DA72E2 /* Frameworks */,
				4A1A4C612C07E3B900DA72E2 /* Resources */,
			);
			buildRules = (
			);
			dependencies = (
			);
			name = SwiftBasics;
			productName = SwiftBasics;
			productReference = 4A1A4C632C07E3B900DA72E2 /* SwiftBasics.app */;
			productType = "com.apple.product-type.application";
		};
		4A1A4C722C07E3C800DA72E2 /* SwiftBasicsTests */ = {
			isa = PBXNativeTarget;
			buildConfigurationList = 4A1A4C8A2C07E3C800DA72E2 /* Build configuration list for PBXNativeTarget "SwiftBasicsTests" */;
			buildPhases = (
				4A1A4C6F2C07E3C800DA72E2 /* Sources */,
				4A1A4C702C07E3C800DA72E2 /* Frameworks */,
				4A1A4C712C07E3C800DA72E2 /* Resources */,
			);
			buildRules = (
			);
			dependencies = (
				4A1A4C752C07E3C800DA72E2 /* PBXTargetDependency */,
			);
			name = SwiftBasicsTests;
			productName = SwiftBasicsTests;
			productReference = 4A1A4C732C07E3C800DA72E2 /* SwiftBasicsTests.xctest */;
			productType = "com.apple.product-type.bundle.unit-test";
		};
		4A1A4C7C2C07E3C800DA72E2 /* SwiftBasicsUITests */ = {
			isa = PBXNativeTarget;
			buildConfigurationList = 4A1A4C8D2C07E3C800DA72E2 /* Build configuration list for PBXNativeTarget "SwiftBasicsUITests" */;
			buildPhases = (
				4A1A4C792C07E3C800DA72E2 /* Sources */,
				4A1A4C7A2C07E3C800DA72E2 /* Frameworks */,
				4A1A4C7B2C07E3C800DA72E2 /* Resources */,
			);
			buildRules = (
			);
			dependencies = (
				4A1A4C7F2C07E3C800DA72E2 /* PBXTargetDependency */,
			);
			name = SwiftBasicsUITests;
			productName = SwiftBasicsUITests;
			productReference = 4A1A4C7D2C07E3C800DA72E2 /* SwiftBasicsUITests.xctest */;
			productType = "com.apple.product-type.bundle.ui-testing";
		};
/* End PBXNativeTarget section */

/* Begin PBXProject section */
		4A1A4C5B2C07E3B900DA72E2 /* Project object */ = {
			isa = PBXProject;
			attributes = {
				BuildIndependentTargetsInParallel = 1;
				LastSwiftUpdateCheck = 1540;
				LastUpgradeCheck = 1540;
				TargetAttributes = {
					4A1A4C622C07E3B900DA72E2 = {
						CreatedOnToolsVersion = 15.4;
					};
					4A1A4C722C07E3C800DA72E2 = {
						CreatedOnToolsVersion = 15.4;
						TestTargetID = 4A1A4C622C07E3B900DA72E2;
					};
					4A1A4C7C2C07E3C800DA72E2 = {
						CreatedOnToolsVersion = 15.4;
						TestTargetID = 4A1A4C622C07E3B900DA72E2;
					};
				};
			};
			buildConfigurationList = 4A1A4C5E2C07E3B900DA72E2 /* Build configuration list for PBXProject "SwiftBasics" */;
			compatibilityVersion = "Xcode 14.0";
			developmentRegion = en;
			hasScannedForEncodings = 0;
			knownRegions = (
				en,
				Base,
			);
			mainGroup = 4A1A4C5A2C07E3B900DA72E2;
			productRefGroup = 4A1A4C642C07E3B900DA72E2 /* Products */;
			projectDirPath = "";
			projectRoot = "";
			targets = (
				4A1A4C622C07E3B900DA72E2 /* SwiftBasics */,
				4A1A4C722C07E3C800DA72E2 /* SwiftBasicsTests */,
				4A1A4C7C2C07E3C800DA72E2 /* SwiftBasicsUITests */,
			);
		};
/* End PBXProject section */

/* Begin PBXResourcesBuildPhase section */
		4A1A4C612C07E3B900DA72E2 /* Resources */ = {
			isa = PBXResourcesBuildPhase;
			buildActionMask = 2147483647;
			files = (
				4A1A4C6E2C07E3C700DA72E2 /* Preview Assets.xcassets in Resources */,
				4A1A4C6B2C07E3C700DA72E2 /* Assets.xcassets in Resources */,
			);
			runOnlyForDeploymentPostprocessing = 0;
		};
		4A1A4C712C07E3C800DA72E2 /* Resources */ = {
			isa = PBXResourcesBuildPhase;
			buildActionMask = 2147483647;
			files = (
			);
			runOnlyForDeploymentPostprocessing = 0;
		};
		4A1A4C7B2C07E3C800DA72E2 /* Resources */ = {
			isa = PBXResourcesBuildPhase;
			buildActionMask = 2147483647;
			files = (
			);
			runOnlyForDeploymentPostprocessing = 0;
		};
/* End PBXResourcesBuildPhase section */

/* Begin PBXSourcesBuildPhase section */
		4A1A4C5F2C07E3B900DA72E2 /* Sources */ = {
			isa = PBXSourcesBuildPhase;
			buildActionMask = 2147483647;
			files = (
				4AA28E3F2C2B699700B6777F /* ViewThatFitsEx.swift in Sources */,
				4AB24E812C1E546B00049E40 /* ButtonStyleEx.swift in Sources */,
				4A062BAB2C10C31700C36E21 /* ListEx.swift in Sources */,
				4AB24E852C1E69FF00049E40 /* BadgeEx.swift in Sources */,
				4ADB10622C0BE16500D60237 /* Frame.swift in Sources */,
				4A062BC12C122FAE00C36E21 /* SliderEx.swift in Sources */,
				4A22410C2C0FB086004A4546 /* TransitionEx.swift in Sources */,
				4AB24E872C1F405B00049E40 /* FocusStateEx.swift in Sources */,
				4A741E492C2630D2007D89D4 /* NativePopoverEx.swift in Sources */,
				4A22410A2C0FACE1004A4546 /* AnimationCurves.swift in Sources */,
				4A667C842C1626D100158819 /* EnvironmentObjectEx.swift in Sources */,
				4A1A4C692C07E3B900DA72E2 /* ContentView.swift in Sources */,
				4A062BA92C10BF1200C36E21 /* NavViewsEx.swift in Sources */,
				4A9560B02C1B4C1C0024DCD1 /* TextSelectionEx.swift in Sources */,
				4A2240F42C0D33D1004A4546 /* LazyVGridEx.swift in Sources */,
				4A9560AE2C1B4AC20024DCD1 /* BackgroundMaterialsEx.swift in Sources */,
				4A2240EE2C0D1A31004A4546 /* InitAndEnums.swift in Sources */,
				4A8DB1712C1F5BC5007AFBF4 /* NavigationStackEx.swift in Sources */,
				4A2241042C0F8FB8004A4546 /* Conditionals.swift in Sources */,
				4A2240E62C0CFB74004A4546 /* Stacks.swift in Sources */,
				4A062BAF2C1108AD00C36E21 /* ActionSheetEx.swift in Sources */,
				4A2240F22C0D2FAD004A4546 /* ScrollViewEx.swift in Sources */,
				4ADB105A2C0BB9BD00D60237 /* Colors.swift in Sources */,
				4A9560AC2C1B42460024DCD1 /* AsyncImageEx.swift in Sources */,
				4AB24E832C1E63F000049E40 /* SwipeActionsEx.swift in Sources */,
				4A062BCF2C13AB6100C36E21 /* ModelEx.swift in Sources */,
				4A2240F82C0F5B74004A4546 /* ButtonsEx.swift in Sources */,
				4A062BBF2C122A8C00C36E21 /* StepperEx.swift in Sources */,
				4A062BB92C113F7800C36E21 /* PickerEx.swift in Sources */,
				4A062BB52C1121FA00C36E21 /* TextEditorEx.swift in Sources */,
				4A062BCD2C1394E900C36E21 /* TapGestureEx.swift in Sources */,
				4A062BCB2C138EE900C36E21 /* IfLetGuard.swift in Sources */,
				4A741E452C2618D1007D89D4 /* AnimateWithValueEx.swift in Sources */,
				4A8DB1732C20E8FF007AFBF4 /* ToolBarEx.swift in Sources */,
				4A062BC72C13815F00C36E21 /* Documentation.swift in Sources */,
				4A741E412C260CD0007D89D4 /* SafeAreaInsetEx.swift in Sources */,
				4A667C892C18F96800158819 /* IntroView.swift in Sources */,
				4A741E472C262F8D007D89D4 /* MenuEx.swift in Sources */,
				4AA28E412C2B720200B6777F /* NavigationSplitViewEx.swift in Sources */,
				4A667C862C164BBF00158819 /* AppStorageEx.swift in Sources */,
				4A22410E2C10AEEA004A4546 /* SheetsEx.swift in Sources */,
				4A741E432C261219007D89D4 /* GroupEx.swift in Sources */,
				4A2240FE2C0F844E004A4546 /* SubViewsEx.swift in Sources */,
				4A2240FA2C0F7EDE004A4546 /* StateProp.swift in Sources */,
				4A062BB12C111B1C00C36E21 /* ContextMenuEx.swift in Sources */,
				4A062BC92C138A3000C36E21 /* OnAppearEx.swift in Sources */,
				4A062BB32C111DA800C36E21 /* TextFieldEx.swift in Sources */,
				4A062BC52C1243C300C36E21 /* DarkModeEx.swift in Sources */,
				4A667C802C1612DE00158819 /* ViewModelEx.swift in Sources */,
				4A062BB72C11254800C36E21 /* ToggleSwitchEx.swift in Sources */,
				4A1A4C912C07E73300DA72E2 /* TextTest.swift in Sources */,
				4A2240FC2C0F81D0004A4546 /* ExtractedFunctions.swift in Sources */,
				4A062BC32C12344400C36E21 /* TabsEx.swift in Sources */,
				4AB24E892C1F527C00049E40 /* SubmitTextFieldEx.swift in Sources */,
				4A062BBD2C12105E00C36E21 /* DatePickerEx.swift in Sources */,
				4A062BBB2C114AB200C36E21 /* ColorPickerEx.swift in Sources */,
				4A1A4C672C07E3B900DA72E2 /* SwiftBasicsApp.swift in Sources */,
				4A9560AA2C1B3B8C0024DCD1 /* ProfileView.swift in Sources */,
				4ADB10582C0BB6B100D60237 /* Shapes.swift in Sources */,
				4A062BAD2C10EE8C00C36E21 /* AlertsEx.swift in Sources */,
				4A2240F62C0F5766004A4546 /* SafeAreaEx.swift in Sources */,
				4A667C8B2C18FB8800158819 /* OnboardingView.swift in Sources */,
				4ADB10642C0BE5E300D60237 /* BackGroundAndOverlay.swift in Sources */,
				4A741E4B2C26455C007D89D4 /* AnyLayoutEx.swift in Sources */,
				4ADB10602C0BCEBA00D60237 /* Images.swift in Sources */,
				4A2240F02C0D2BE7004A4546 /* forEachEx.swift in Sources */,
				4A2241062C0FA42D004A4546 /* TernaryOperators.swift in Sources */,
				4A2241082C0FA8B2004A4546 /* Animations.swift in Sources */,
				4ADB105C2C0BC51500D60237 /* Gradients.swift in Sources */,
				4ADB105E2C0BC83F00D60237 /* SystemIcons.swift in Sources */,
				4A062BA72C10B3D000C36E21 /* PopOverEx.swift in Sources */,
				4A2240E82C0D055D004A4546 /* Padding.swift in Sources */,
				4A2241002C0F8C41004A4546 /* BindingEx.swift in Sources */,
				4A741E3D2C25E907007D89D4 /* ResizableSheetEx.swift in Sources */,
				4A2240EC2C0D0B21004A4546 /* Spacers.swift in Sources */,
			);
			runOnlyForDeploymentPostprocessing = 0;
		};
		4A1A4C6F2C07E3C800DA72E2 /* Sources */ = {
			isa = PBXSourcesBuildPhase;
			buildActionMask = 2147483647;
			files = (
				4A1A4C782C07E3C800DA72E2 /* SwiftBasicsTests.swift in Sources */,
			);
			runOnlyForDeploymentPostprocessing = 0;
		};
		4A1A4C792C07E3C800DA72E2 /* Sources */ = {
			isa = PBXSourcesBuildPhase;
			buildActionMask = 2147483647;
			files = (
				4A1A4C822C07E3C800DA72E2 /* SwiftBasicsUITests.swift in Sources */,
				4A1A4C842C07E3C800DA72E2 /* SwiftBasicsUITestsLaunchTests.swift in Sources */,
			);
			runOnlyForDeploymentPostprocessing = 0;
		};
/* End PBXSourcesBuildPhase section */

/* Begin PBXTargetDependency section */
		4A1A4C752C07E3C800DA72E2 /* PBXTargetDependency */ = {
			isa = PBXTargetDependency;
			target = 4A1A4C622C07E3B900DA72E2 /* SwiftBasics */;
			targetProxy = 4A1A4C742C07E3C800DA72E2 /* PBXContainerItemProxy */;
		};
		4A1A4C7F2C07E3C800DA72E2 /* PBXTargetDependency */ = {
			isa = PBXTargetDependency;
			target = 4A1A4C622C07E3B900DA72E2 /* SwiftBasics */;
			targetProxy = 4A1A4C7E2C07E3C800DA72E2 /* PBXContainerItemProxy */;
		};
/* End PBXTargetDependency section */

/* Begin XCBuildConfiguration section */
		4A1A4C852C07E3C800DA72E2 /* Debug */ = {
			isa = XCBuildConfiguration;
			buildSettings = {
				ALWAYS_SEARCH_USER_PATHS = NO;
				ASSETCATALOG_COMPILER_GENERATE_SWIFT_ASSET_SYMBOL_EXTENSIONS = YES;
				CLANG_ANALYZER_NONNULL = YES;
				CLANG_ANALYZER_NUMBER_OBJECT_CONVERSION = YES_AGGRESSIVE;
				CLANG_CXX_LANGUAGE_STANDARD = "gnu++20";
				CLANG_ENABLE_MODULES = YES;
				CLANG_ENABLE_OBJC_ARC = YES;
				CLANG_ENABLE_OBJC_WEAK = YES;
				CLANG_WARN_BLOCK_CAPTURE_AUTORELEASING = YES;
				CLANG_WARN_BOOL_CONVERSION = YES;
				CLANG_WARN_COMMA = YES;
				CLANG_WARN_CONSTANT_CONVERSION = YES;
				CLANG_WARN_DEPRECATED_OBJC_IMPLEMENTATIONS = YES;
				CLANG_WARN_DIRECT_OBJC_ISA_USAGE = YES_ERROR;
				CLANG_WARN_DOCUMENTATION_COMMENTS = YES;
				CLANG_WARN_EMPTY_BODY = YES;
				CLANG_WARN_ENUM_CONVERSION = YES;
				CLANG_WARN_INFINITE_RECURSION = YES;
				CLANG_WARN_INT_CONVERSION = YES;
				CLANG_WARN_NON_LITERAL_NULL_CONVERSION = YES;
				CLANG_WARN_OBJC_IMPLICIT_RETAIN_SELF = YES;
				CLANG_WARN_OBJC_LITERAL_CONVERSION = YES;
				CLANG_WARN_OBJC_ROOT_CLASS = YES_ERROR;
				CLANG_WARN_QUOTED_INCLUDE_IN_FRAMEWORK_HEADER = YES;
				CLANG_WARN_RANGE_LOOP_ANALYSIS = YES;
				CLANG_WARN_STRICT_PROTOTYPES = YES;
				CLANG_WARN_SUSPICIOUS_MOVE = YES;
				CLANG_WARN_UNGUARDED_AVAILABILITY = YES_AGGRESSIVE;
				CLANG_WARN_UNREACHABLE_CODE = YES;
				CLANG_WARN__DUPLICATE_METHOD_MATCH = YES;
				COPY_PHASE_STRIP = NO;
				DEBUG_INFORMATION_FORMAT = dwarf;
				ENABLE_STRICT_OBJC_MSGSEND = YES;
				ENABLE_TESTABILITY = YES;
				ENABLE_USER_SCRIPT_SANDBOXING = YES;
				GCC_C_LANGUAGE_STANDARD = gnu17;
				GCC_DYNAMIC_NO_PIC = NO;
				GCC_NO_COMMON_BLOCKS = YES;
				GCC_OPTIMIZATION_LEVEL = 0;
				GCC_PREPROCESSOR_DEFINITIONS = (
					"DEBUG=1",
					"$(inherited)",
				);
				GCC_WARN_64_TO_32_BIT_CONVERSION = YES;
				GCC_WARN_ABOUT_RETURN_TYPE = YES_ERROR;
				GCC_WARN_UNDECLARED_SELECTOR = YES;
				GCC_WARN_UNINITIALIZED_AUTOS = YES_AGGRESSIVE;
				GCC_WARN_UNUSED_FUNCTION = YES;
				GCC_WARN_UNUSED_VARIABLE = YES;
				IPHONEOS_DEPLOYMENT_TARGET = 17.5;
				LOCALIZATION_PREFERS_STRING_CATALOGS = YES;
				MTL_ENABLE_DEBUG_INFO = INCLUDE_SOURCE;
				MTL_FAST_MATH = YES;
				ONLY_ACTIVE_ARCH = YES;
				SDKROOT = iphoneos;
				SWIFT_ACTIVE_COMPILATION_CONDITIONS = "DEBUG $(inherited)";
				SWIFT_OPTIMIZATION_LEVEL = "-Onone";
			};
			name = Debug;
		};
		4A1A4C862C07E3C800DA72E2 /* Release */ = {
			isa = XCBuildConfiguration;
			buildSettings = {
				ALWAYS_SEARCH_USER_PATHS = NO;
				ASSETCATALOG_COMPILER_GENERATE_SWIFT_ASSET_SYMBOL_EXTENSIONS = YES;
				CLANG_ANALYZER_NONNULL = YES;
				CLANG_ANALYZER_NUMBER_OBJECT_CONVERSION = YES_AGGRESSIVE;
				CLANG_CXX_LANGUAGE_STANDARD = "gnu++20";
				CLANG_ENABLE_MODULES = YES;
				CLANG_ENABLE_OBJC_ARC = YES;
				CLANG_ENABLE_OBJC_WEAK = YES;
				CLANG_WARN_BLOCK_CAPTURE_AUTORELEASING = YES;
				CLANG_WARN_BOOL_CONVERSION = YES;
				CLANG_WARN_COMMA = YES;
				CLANG_WARN_CONSTANT_CONVERSION = YES;
				CLANG_WARN_DEPRECATED_OBJC_IMPLEMENTATIONS = YES;
				CLANG_WARN_DIRECT_OBJC_ISA_USAGE = YES_ERROR;
				CLANG_WARN_DOCUMENTATION_COMMENTS = YES;
				CLANG_WARN_EMPTY_BODY = YES;
				CLANG_WARN_ENUM_CONVERSION = YES;
				CLANG_WARN_INFINITE_RECURSION = YES;
				CLANG_WARN_INT_CONVERSION = YES;
				CLANG_WARN_NON_LITERAL_NULL_CONVERSION = YES;
				CLANG_WARN_OBJC_IMPLICIT_RETAIN_SELF = YES;
				CLANG_WARN_OBJC_LITERAL_CONVERSION = YES;
				CLANG_WARN_OBJC_ROOT_CLASS = YES_ERROR;
				CLANG_WARN_QUOTED_INCLUDE_IN_FRAMEWORK_HEADER = YES;
				CLANG_WARN_RANGE_LOOP_ANALYSIS = YES;
				CLANG_WARN_STRICT_PROTOTYPES = YES;
				CLANG_WARN_SUSPICIOUS_MOVE = YES;
				CLANG_WARN_UNGUARDED_AVAILABILITY = YES_AGGRESSIVE;
				CLANG_WARN_UNREACHABLE_CODE = YES;
				CLANG_WARN__DUPLICATE_METHOD_MATCH = YES;
				COPY_PHASE_STRIP = NO;
				DEBUG_INFORMATION_FORMAT = "dwarf-with-dsym";
				ENABLE_NS_ASSERTIONS = NO;
				ENABLE_STRICT_OBJC_MSGSEND = YES;
				ENABLE_USER_SCRIPT_SANDBOXING = YES;
				GCC_C_LANGUAGE_STANDARD = gnu17;
				GCC_NO_COMMON_BLOCKS = YES;
				GCC_WARN_64_TO_32_BIT_CONVERSION = YES;
				GCC_WARN_ABOUT_RETURN_TYPE = YES_ERROR;
				GCC_WARN_UNDECLARED_SELECTOR = YES;
				GCC_WARN_UNINITIALIZED_AUTOS = YES_AGGRESSIVE;
				GCC_WARN_UNUSED_FUNCTION = YES;
				GCC_WARN_UNUSED_VARIABLE = YES;
				IPHONEOS_DEPLOYMENT_TARGET = 17.5;
				LOCALIZATION_PREFERS_STRING_CATALOGS = YES;
				MTL_ENABLE_DEBUG_INFO = NO;
				MTL_FAST_MATH = YES;
				SDKROOT = iphoneos;
				SWIFT_COMPILATION_MODE = wholemodule;
				VALIDATE_PRODUCT = YES;
			};
			name = Release;
		};
		4A1A4C882C07E3C800DA72E2 /* Debug */ = {
			isa = XCBuildConfiguration;
			buildSettings = {
				ASSETCATALOG_COMPILER_APPICON_NAME = AppIcon;
				ASSETCATALOG_COMPILER_GLOBAL_ACCENT_COLOR_NAME = AccentColor;
				CODE_SIGN_STYLE = Automatic;
				CURRENT_PROJECT_VERSION = 1;
				DEVELOPMENT_ASSET_PATHS = "\"SwiftBasics/Preview Content\"";
				ENABLE_PREVIEWS = YES;
				GENERATE_INFOPLIST_FILE = YES;
				INFOPLIST_KEY_UIApplicationSceneManifest_Generation = YES;
				INFOPLIST_KEY_UIApplicationSupportsIndirectInputEvents = YES;
				INFOPLIST_KEY_UILaunchScreen_Generation = YES;
				INFOPLIST_KEY_UISupportedInterfaceOrientations_iPad = "UIInterfaceOrientationPortrait UIInterfaceOrientationPortraitUpsideDown UIInterfaceOrientationLandscapeLeft UIInterfaceOrientationLandscapeRight";
				INFOPLIST_KEY_UISupportedInterfaceOrientations_iPhone = "UIInterfaceOrientationPortrait UIInterfaceOrientationLandscapeLeft UIInterfaceOrientationLandscapeRight";
				LD_RUNPATH_SEARCH_PATHS = (
					"$(inherited)",
					"@executable_path/Frameworks",
				);
				MARKETING_VERSION = 1.0;
				PRODUCT_BUNDLE_IDENTIFIER = kariorg.SwiftBasics;
				PRODUCT_NAME = "$(TARGET_NAME)";
				SWIFT_EMIT_LOC_STRINGS = YES;
				SWIFT_VERSION = 5.0;
				TARGETED_DEVICE_FAMILY = "1,2";
			};
			name = Debug;
		};
		4A1A4C892C07E3C800DA72E2 /* Release */ = {
			isa = XCBuildConfiguration;
			buildSettings = {
				ASSETCATALOG_COMPILER_APPICON_NAME = AppIcon;
				ASSETCATALOG_COMPILER_GLOBAL_ACCENT_COLOR_NAME = AccentColor;
				CODE_SIGN_STYLE = Automatic;
				CURRENT_PROJECT_VERSION = 1;
				DEVELOPMENT_ASSET_PATHS = "\"SwiftBasics/Preview Content\"";
				ENABLE_PREVIEWS = YES;
				GENERATE_INFOPLIST_FILE = YES;
				INFOPLIST_KEY_UIApplicationSceneManifest_Generation = YES;
				INFOPLIST_KEY_UIApplicationSupportsIndirectInputEvents = YES;
				INFOPLIST_KEY_UILaunchScreen_Generation = YES;
				INFOPLIST_KEY_UISupportedInterfaceOrientations_iPad = "UIInterfaceOrientationPortrait UIInterfaceOrientationPortraitUpsideDown UIInterfaceOrientationLandscapeLeft UIInterfaceOrientationLandscapeRight";
				INFOPLIST_KEY_UISupportedInterfaceOrientations_iPhone = "UIInterfaceOrientationPortrait UIInterfaceOrientationLandscapeLeft UIInterfaceOrientationLandscapeRight";
				LD_RUNPATH_SEARCH_PATHS = (
					"$(inherited)",
					"@executable_path/Frameworks",
				);
				MARKETING_VERSION = 1.0;
				PRODUCT_BUNDLE_IDENTIFIER = kariorg.SwiftBasics;
				PRODUCT_NAME = "$(TARGET_NAME)";
				SWIFT_EMIT_LOC_STRINGS = YES;
				SWIFT_VERSION = 5.0;
				TARGETED_DEVICE_FAMILY = "1,2";
			};
			name = Release;
		};
		4A1A4C8B2C07E3C800DA72E2 /* Debug */ = {
			isa = XCBuildConfiguration;
			buildSettings = {
				ALWAYS_EMBED_SWIFT_STANDARD_LIBRARIES = YES;
				BUNDLE_LOADER = "$(TEST_HOST)";
				CODE_SIGN_STYLE = Automatic;
				CURRENT_PROJECT_VERSION = 1;
				GENERATE_INFOPLIST_FILE = YES;
				IPHONEOS_DEPLOYMENT_TARGET = 17.5;
				MARKETING_VERSION = 1.0;
				PRODUCT_BUNDLE_IDENTIFIER = kariorg.SwiftBasicsTests;
				PRODUCT_NAME = "$(TARGET_NAME)";
				SWIFT_EMIT_LOC_STRINGS = NO;
				SWIFT_VERSION = 5.0;
				TARGETED_DEVICE_FAMILY = "1,2";
				TEST_HOST = "$(BUILT_PRODUCTS_DIR)/SwiftBasics.app/$(BUNDLE_EXECUTABLE_FOLDER_PATH)/SwiftBasics";
			};
			name = Debug;
		};
		4A1A4C8C2C07E3C800DA72E2 /* Release */ = {
			isa = XCBuildConfiguration;
			buildSettings = {
				ALWAYS_EMBED_SWIFT_STANDARD_LIBRARIES = YES;
				BUNDLE_LOADER = "$(TEST_HOST)";
				CODE_SIGN_STYLE = Automatic;
				CURRENT_PROJECT_VERSION = 1;
				GENERATE_INFOPLIST_FILE = YES;
				IPHONEOS_DEPLOYMENT_TARGET = 17.5;
				MARKETING_VERSION = 1.0;
				PRODUCT_BUNDLE_IDENTIFIER = kariorg.SwiftBasicsTests;
				PRODUCT_NAME = "$(TARGET_NAME)";
				SWIFT_EMIT_LOC_STRINGS = NO;
				SWIFT_VERSION = 5.0;
				TARGETED_DEVICE_FAMILY = "1,2";
				TEST_HOST = "$(BUILT_PRODUCTS_DIR)/SwiftBasics.app/$(BUNDLE_EXECUTABLE_FOLDER_PATH)/SwiftBasics";
			};
			name = Release;
		};
		4A1A4C8E2C07E3C800DA72E2 /* Debug */ = {
			isa = XCBuildConfiguration;
			buildSettings = {
				ALWAYS_EMBED_SWIFT_STANDARD_LIBRARIES = YES;
				CODE_SIGN_STYLE = Automatic;
				CURRENT_PROJECT_VERSION = 1;
				GENERATE_INFOPLIST_FILE = YES;
				MARKETING_VERSION = 1.0;
				PRODUCT_BUNDLE_IDENTIFIER = kariorg.SwiftBasicsUITests;
				PRODUCT_NAME = "$(TARGET_NAME)";
				SWIFT_EMIT_LOC_STRINGS = NO;
				SWIFT_VERSION = 5.0;
				TARGETED_DEVICE_FAMILY = "1,2";
				TEST_TARGET_NAME = SwiftBasics;
			};
			name = Debug;
		};
		4A1A4C8F2C07E3C800DA72E2 /* Release */ = {
			isa = XCBuildConfiguration;
			buildSettings = {
				ALWAYS_EMBED_SWIFT_STANDARD_LIBRARIES = YES;
				CODE_SIGN_STYLE = Automatic;
				CURRENT_PROJECT_VERSION = 1;
				GENERATE_INFOPLIST_FILE = YES;
				MARKETING_VERSION = 1.0;
				PRODUCT_BUNDLE_IDENTIFIER = kariorg.SwiftBasicsUITests;
				PRODUCT_NAME = "$(TARGET_NAME)";
				SWIFT_EMIT_LOC_STRINGS = NO;
				SWIFT_VERSION = 5.0;
				TARGETED_DEVICE_FAMILY = "1,2";
				TEST_TARGET_NAME = SwiftBasics;
			};
			name = Release;
		};
/* End XCBuildConfiguration section */

/* Begin XCConfigurationList section */
		4A1A4C5E2C07E3B900DA72E2 /* Build configuration list for PBXProject "SwiftBasics" */ = {
			isa = XCConfigurationList;
			buildConfigurations = (
				4A1A4C852C07E3C800DA72E2 /* Debug */,
				4A1A4C862C07E3C800DA72E2 /* Release */,
			);
			defaultConfigurationIsVisible = 0;
			defaultConfigurationName = Release;
		};
		4A1A4C872C07E3C800DA72E2 /* Build configuration list for PBXNativeTarget "SwiftBasics" */ = {
			isa = XCConfigurationList;
			buildConfigurations = (
				4A1A4C882C07E3C800DA72E2 /* Debug */,
				4A1A4C892C07E3C800DA72E2 /* Release */,
			);
			defaultConfigurationIsVisible = 0;
			defaultConfigurationName = Release;
		};
		4A1A4C8A2C07E3C800DA72E2 /* Build configuration list for PBXNativeTarget "SwiftBasicsTests" */ = {
			isa = XCConfigurationList;
			buildConfigurations = (
				4A1A4C8B2C07E3C800DA72E2 /* Debug */,
				4A1A4C8C2C07E3C800DA72E2 /* Release */,
			);
			defaultConfigurationIsVisible = 0;
			defaultConfigurationName = Release;
		};
		4A1A4C8D2C07E3C800DA72E2 /* Build configuration list for PBXNativeTarget "SwiftBasicsUITests" */ = {
			isa = XCConfigurationList;
			buildConfigurations = (
				4A1A4C8E2C07E3C800DA72E2 /* Debug */,
				4A1A4C8F2C07E3C800DA72E2 /* Release */,
			);
			defaultConfigurationIsVisible = 0;
			defaultConfigurationName = Release;
		};
/* End XCConfigurationList section */
	};
	rootObject = 4A1A4C5B2C07E3B900DA72E2 /* Project object */;
}
